// !$*UTF8*$!
{
	archiveVersion = 1;
	classes = {
	};
	objectVersion = 46;
	objects = {

/* Begin PBXBuildFile section */
		2A1B18DD1AB9D4CD00B5F345 /* NSString+TechD.m in Sources */ = {isa = PBXBuildFile; fileRef = 2A1B18DC1AB9D4CD00B5F345 /* NSString+TechD.m */; };
		2A2295C81ABC7D2D002D5F37 /* NSJSONSerialization+TechD.m in Sources */ = {isa = PBXBuildFile; fileRef = 2A2295C71ABC7D2D002D5F37 /* NSJSONSerialization+TechD.m */; };
		2A2DAC0A1AA781B1002E408F /* main.m in Sources */ = {isa = PBXBuildFile; fileRef = 2A2DAC091AA781B1002E408F /* main.m */; };
		2A2DAC0D1AA781B1002E408F /* AppDelegate.m in Sources */ = {isa = PBXBuildFile; fileRef = 2A2DAC0C1AA781B1002E408F /* AppDelegate.m */; };
		2A2DAC241AA781B2002E408F /* DemoDownloadManagerTests.m in Sources */ = {isa = PBXBuildFile; fileRef = 2A2DAC231AA781B2002E408F /* DemoDownloadManagerTests.m */; };
		2A2DAC2F1AA7831F002E408F /* TableViewController.m in Sources */ = {isa = PBXBuildFile; fileRef = 2A2DAC2E1AA7831F002E408F /* TableViewController.m */; };
		2A2DAC5A1AA78429002E408F /* AFHTTPRequestOperation.m in Sources */ = {isa = PBXBuildFile; fileRef = 2A2DAC341AA78429002E408F /* AFHTTPRequestOperation.m */; };
		2A2DAC5B1AA78429002E408F /* AFHTTPRequestOperationManager.m in Sources */ = {isa = PBXBuildFile; fileRef = 2A2DAC361AA78429002E408F /* AFHTTPRequestOperationManager.m */; };
		2A2DAC5C1AA78429002E408F /* AFHTTPSessionManager.m in Sources */ = {isa = PBXBuildFile; fileRef = 2A2DAC381AA78429002E408F /* AFHTTPSessionManager.m */; };
		2A2DAC5D1AA78429002E408F /* AFNetworkReachabilityManager.m in Sources */ = {isa = PBXBuildFile; fileRef = 2A2DAC3B1AA78429002E408F /* AFNetworkReachabilityManager.m */; };
		2A2DAC5E1AA78429002E408F /* AFSecurityPolicy.m in Sources */ = {isa = PBXBuildFile; fileRef = 2A2DAC3D1AA78429002E408F /* AFSecurityPolicy.m */; };
		2A2DAC5F1AA78429002E408F /* AFURLConnectionOperation.m in Sources */ = {isa = PBXBuildFile; fileRef = 2A2DAC3F1AA78429002E408F /* AFURLConnectionOperation.m */; };
		2A2DAC601AA78429002E408F /* AFURLRequestSerialization.m in Sources */ = {isa = PBXBuildFile; fileRef = 2A2DAC411AA78429002E408F /* AFURLRequestSerialization.m */; };
		2A2DAC611AA78429002E408F /* AFURLResponseSerialization.m in Sources */ = {isa = PBXBuildFile; fileRef = 2A2DAC431AA78429002E408F /* AFURLResponseSerialization.m */; };
		2A2DAC621AA78429002E408F /* AFURLSessionManager.m in Sources */ = {isa = PBXBuildFile; fileRef = 2A2DAC451AA78429002E408F /* AFURLSessionManager.m */; };
		2A2DAC631AA78429002E408F /* LICENSE in Resources */ = {isa = PBXBuildFile; fileRef = 2A2DAC461AA78429002E408F /* LICENSE */; };
		2A2DAC641AA78429002E408F /* README.md in Sources */ = {isa = PBXBuildFile; fileRef = 2A2DAC471AA78429002E408F /* README.md */; };
		2A2DAC651AA78429002E408F /* AFNetworkActivityIndicatorManager.m in Sources */ = {isa = PBXBuildFile; fileRef = 2A2DAC4A1AA78429002E408F /* AFNetworkActivityIndicatorManager.m */; };
		2A2DAC661AA78429002E408F /* UIActivityIndicatorView+AFNetworking.m in Sources */ = {isa = PBXBuildFile; fileRef = 2A2DAC4C1AA78429002E408F /* UIActivityIndicatorView+AFNetworking.m */; };
		2A2DAC671AA78429002E408F /* UIAlertView+AFNetworking.m in Sources */ = {isa = PBXBuildFile; fileRef = 2A2DAC4E1AA78429002E408F /* UIAlertView+AFNetworking.m */; };
		2A2DAC681AA78429002E408F /* UIButton+AFNetworking.m in Sources */ = {isa = PBXBuildFile; fileRef = 2A2DAC501AA78429002E408F /* UIButton+AFNetworking.m */; };
		2A2DAC691AA78429002E408F /* UIImageView+AFNetworking.m in Sources */ = {isa = PBXBuildFile; fileRef = 2A2DAC521AA78429002E408F /* UIImageView+AFNetworking.m */; };
		2A2DAC6A1AA78429002E408F /* UIProgressView+AFNetworking.m in Sources */ = {isa = PBXBuildFile; fileRef = 2A2DAC551AA78429002E408F /* UIProgressView+AFNetworking.m */; };
		2A2DAC6B1AA78429002E408F /* UIRefreshControl+AFNetworking.m in Sources */ = {isa = PBXBuildFile; fileRef = 2A2DAC571AA78429002E408F /* UIRefreshControl+AFNetworking.m */; };
		2A2DAC6C1AA78429002E408F /* UIWebView+AFNetworking.m in Sources */ = {isa = PBXBuildFile; fileRef = 2A2DAC591AA78429002E408F /* UIWebView+AFNetworking.m */; };
		2A2DAC741AA78450002E408F /* TDDownloadManager.m in Sources */ = {isa = PBXBuildFile; fileRef = 2A2DAC721AA78450002E408F /* TDDownloadManager.m */; };
		2A476F2E1AC4066B0043FB21 /* TDPreUpdateProcedure.m in Sources */ = {isa = PBXBuildFile; fileRef = 2A476F2D1AC4066B0043FB21 /* TDPreUpdateProcedure.m */; };
		2A8A59ED1AD81F42000CEA93 /* TDJSONReader.m in Sources */ = {isa = PBXBuildFile; fileRef = 2A8A59EC1AD81F42000CEA93 /* TDJSONReader.m */; };
		2A8FDD391AB745AB006BD130 /* LICENSE in Resources */ = {isa = PBXBuildFile; fileRef = 2A8FDD301AB745AB006BD130 /* LICENSE */; };
		2A8FDD3A1AB745AB006BD130 /* README.md in Sources */ = {isa = PBXBuildFile; fileRef = 2A8FDD311AB745AB006BD130 /* README.md */; };
		2A8FDD3B1AB745AB006BD130 /* TDTexturePackerXMLReader.m in Sources */ = {isa = PBXBuildFile; fileRef = 2A8FDD361AB745AB006BD130 /* TDTexturePackerXMLReader.m */; };
		2A8FDD3C1AB745AB006BD130 /* TDUtilities.m in Sources */ = {isa = PBXBuildFile; fileRef = 2A8FDD381AB745AB006BD130 /* TDUtilities.m */; };
		2AC3D3C41AAF4216007CB19F /* TDNetworkReachabilityManager.m in Sources */ = {isa = PBXBuildFile; fileRef = 2AC3D3C31AAF4216007CB19F /* TDNetworkReachabilityManager.m */; };
/* End PBXBuildFile section */

/* Begin PBXContainerItemProxy section */
		2A2DAC1E1AA781B2002E408F /* PBXContainerItemProxy */ = {
			isa = PBXContainerItemProxy;
			containerPortal = 2A2DABFC1AA781B1002E408F /* Project object */;
			proxyType = 1;
			remoteGlobalIDString = 2A2DAC031AA781B1002E408F;
			remoteInfo = DemoDownloadManager;
		};
/* End PBXContainerItemProxy section */

/* Begin PBXFileReference section */
		2A1B18DA1AB9D4CC00B5F345 /* Foundation+TechD.h */ = {isa = PBXFileReference; fileEncoding = 4; lastKnownFileType = sourcecode.c.h; path = "Foundation+TechD.h"; sourceTree = "<group>"; };
		2A1B18DB1AB9D4CC00B5F345 /* NSString+TechD.h */ = {isa = PBXFileReference; fileEncoding = 4; lastKnownFileType = sourcecode.c.h; path = "NSString+TechD.h"; sourceTree = "<group>"; };
		2A1B18DC1AB9D4CD00B5F345 /* NSString+TechD.m */ = {isa = PBXFileReference; fileEncoding = 4; lastKnownFileType = sourcecode.c.objc; path = "NSString+TechD.m"; sourceTree = "<group>"; };
		2A2295C61ABC7D2D002D5F37 /* NSJSONSerialization+TechD.h */ = {isa = PBXFileReference; fileEncoding = 4; lastKnownFileType = sourcecode.c.h; path = "NSJSONSerialization+TechD.h"; sourceTree = "<group>"; };
		2A2295C71ABC7D2D002D5F37 /* NSJSONSerialization+TechD.m */ = {isa = PBXFileReference; fileEncoding = 4; lastKnownFileType = sourcecode.c.objc; path = "NSJSONSerialization+TechD.m"; sourceTree = "<group>"; };
		2A2DAC041AA781B1002E408F /* DemoDownloadManager.app */ = {isa = PBXFileReference; explicitFileType = wrapper.application; includeInIndex = 0; path = DemoDownloadManager.app; sourceTree = BUILT_PRODUCTS_DIR; };
		2A2DAC081AA781B1002E408F /* Info.plist */ = {isa = PBXFileReference; lastKnownFileType = text.plist.xml; path = Info.plist; sourceTree = "<group>"; };
		2A2DAC091AA781B1002E408F /* main.m */ = {isa = PBXFileReference; lastKnownFileType = sourcecode.c.objc; path = main.m; sourceTree = "<group>"; };
		2A2DAC0B1AA781B1002E408F /* AppDelegate.h */ = {isa = PBXFileReference; lastKnownFileType = sourcecode.c.h; path = AppDelegate.h; sourceTree = "<group>"; };
		2A2DAC0C1AA781B1002E408F /* AppDelegate.m */ = {isa = PBXFileReference; lastKnownFileType = sourcecode.c.objc; path = AppDelegate.m; sourceTree = "<group>"; };
		2A2DAC1D1AA781B2002E408F /* DemoDownloadManagerTests.xctest */ = {isa = PBXFileReference; explicitFileType = wrapper.cfbundle; includeInIndex = 0; path = DemoDownloadManagerTests.xctest; sourceTree = BUILT_PRODUCTS_DIR; };
		2A2DAC221AA781B2002E408F /* Info.plist */ = {isa = PBXFileReference; lastKnownFileType = text.plist.xml; path = Info.plist; sourceTree = "<group>"; };
		2A2DAC231AA781B2002E408F /* DemoDownloadManagerTests.m */ = {isa = PBXFileReference; lastKnownFileType = sourcecode.c.objc; path = DemoDownloadManagerTests.m; sourceTree = "<group>"; };
		2A2DAC2D1AA7831F002E408F /* TableViewController.h */ = {isa = PBXFileReference; fileEncoding = 4; lastKnownFileType = sourcecode.c.h; path = TableViewController.h; sourceTree = "<group>"; };
		2A2DAC2E1AA7831F002E408F /* TableViewController.m */ = {isa = PBXFileReference; fileEncoding = 4; lastKnownFileType = sourcecode.c.objc; path = TableViewController.m; sourceTree = "<group>"; };
		2A2DAC331AA78429002E408F /* AFHTTPRequestOperation.h */ = {isa = PBXFileReference; fileEncoding = 4; lastKnownFileType = sourcecode.c.h; path = AFHTTPRequestOperation.h; sourceTree = "<group>"; };
		2A2DAC341AA78429002E408F /* AFHTTPRequestOperation.m */ = {isa = PBXFileReference; fileEncoding = 4; lastKnownFileType = sourcecode.c.objc; path = AFHTTPRequestOperation.m; sourceTree = "<group>"; };
		2A2DAC351AA78429002E408F /* AFHTTPRequestOperationManager.h */ = {isa = PBXFileReference; fileEncoding = 4; lastKnownFileType = sourcecode.c.h; path = AFHTTPRequestOperationManager.h; sourceTree = "<group>"; };
		2A2DAC361AA78429002E408F /* AFHTTPRequestOperationManager.m */ = {isa = PBXFileReference; fileEncoding = 4; lastKnownFileType = sourcecode.c.objc; path = AFHTTPRequestOperationManager.m; sourceTree = "<group>"; };
		2A2DAC371AA78429002E408F /* AFHTTPSessionManager.h */ = {isa = PBXFileReference; fileEncoding = 4; lastKnownFileType = sourcecode.c.h; path = AFHTTPSessionManager.h; sourceTree = "<group>"; };
		2A2DAC381AA78429002E408F /* AFHTTPSessionManager.m */ = {isa = PBXFileReference; fileEncoding = 4; lastKnownFileType = sourcecode.c.objc; path = AFHTTPSessionManager.m; sourceTree = "<group>"; };
		2A2DAC391AA78429002E408F /* AFNetworking.h */ = {isa = PBXFileReference; fileEncoding = 4; lastKnownFileType = sourcecode.c.h; path = AFNetworking.h; sourceTree = "<group>"; };
		2A2DAC3A1AA78429002E408F /* AFNetworkReachabilityManager.h */ = {isa = PBXFileReference; fileEncoding = 4; lastKnownFileType = sourcecode.c.h; path = AFNetworkReachabilityManager.h; sourceTree = "<group>"; };
		2A2DAC3B1AA78429002E408F /* AFNetworkReachabilityManager.m */ = {isa = PBXFileReference; fileEncoding = 4; lastKnownFileType = sourcecode.c.objc; path = AFNetworkReachabilityManager.m; sourceTree = "<group>"; };
		2A2DAC3C1AA78429002E408F /* AFSecurityPolicy.h */ = {isa = PBXFileReference; fileEncoding = 4; lastKnownFileType = sourcecode.c.h; path = AFSecurityPolicy.h; sourceTree = "<group>"; };
		2A2DAC3D1AA78429002E408F /* AFSecurityPolicy.m */ = {isa = PBXFileReference; fileEncoding = 4; lastKnownFileType = sourcecode.c.objc; path = AFSecurityPolicy.m; sourceTree = "<group>"; };
		2A2DAC3E1AA78429002E408F /* AFURLConnectionOperation.h */ = {isa = PBXFileReference; fileEncoding = 4; lastKnownFileType = sourcecode.c.h; path = AFURLConnectionOperation.h; sourceTree = "<group>"; };
		2A2DAC3F1AA78429002E408F /* AFURLConnectionOperation.m */ = {isa = PBXFileReference; fileEncoding = 4; lastKnownFileType = sourcecode.c.objc; path = AFURLConnectionOperation.m; sourceTree = "<group>"; };
		2A2DAC401AA78429002E408F /* AFURLRequestSerialization.h */ = {isa = PBXFileReference; fileEncoding = 4; lastKnownFileType = sourcecode.c.h; path = AFURLRequestSerialization.h; sourceTree = "<group>"; };
		2A2DAC411AA78429002E408F /* AFURLRequestSerialization.m */ = {isa = PBXFileReference; fileEncoding = 4; lastKnownFileType = sourcecode.c.objc; path = AFURLRequestSerialization.m; sourceTree = "<group>"; };
		2A2DAC421AA78429002E408F /* AFURLResponseSerialization.h */ = {isa = PBXFileReference; fileEncoding = 4; lastKnownFileType = sourcecode.c.h; path = AFURLResponseSerialization.h; sourceTree = "<group>"; };
		2A2DAC431AA78429002E408F /* AFURLResponseSerialization.m */ = {isa = PBXFileReference; fileEncoding = 4; lastKnownFileType = sourcecode.c.objc; path = AFURLResponseSerialization.m; sourceTree = "<group>"; };
		2A2DAC441AA78429002E408F /* AFURLSessionManager.h */ = {isa = PBXFileReference; fileEncoding = 4; lastKnownFileType = sourcecode.c.h; path = AFURLSessionManager.h; sourceTree = "<group>"; };
		2A2DAC451AA78429002E408F /* AFURLSessionManager.m */ = {isa = PBXFileReference; fileEncoding = 4; lastKnownFileType = sourcecode.c.objc; path = AFURLSessionManager.m; sourceTree = "<group>"; };
		2A2DAC461AA78429002E408F /* LICENSE */ = {isa = PBXFileReference; fileEncoding = 4; lastKnownFileType = text; path = LICENSE; sourceTree = "<group>"; };
		2A2DAC471AA78429002E408F /* README.md */ = {isa = PBXFileReference; fileEncoding = 4; lastKnownFileType = net.daringfireball.markdown; path = README.md; sourceTree = "<group>"; };
		2A2DAC491AA78429002E408F /* AFNetworkActivityIndicatorManager.h */ = {isa = PBXFileReference; fileEncoding = 4; lastKnownFileType = sourcecode.c.h; path = AFNetworkActivityIndicatorManager.h; sourceTree = "<group>"; };
		2A2DAC4A1AA78429002E408F /* AFNetworkActivityIndicatorManager.m */ = {isa = PBXFileReference; fileEncoding = 4; lastKnownFileType = sourcecode.c.objc; path = AFNetworkActivityIndicatorManager.m; sourceTree = "<group>"; };
		2A2DAC4B1AA78429002E408F /* UIActivityIndicatorView+AFNetworking.h */ = {isa = PBXFileReference; fileEncoding = 4; lastKnownFileType = sourcecode.c.h; path = "UIActivityIndicatorView+AFNetworking.h"; sourceTree = "<group>"; };
		2A2DAC4C1AA78429002E408F /* UIActivityIndicatorView+AFNetworking.m */ = {isa = PBXFileReference; fileEncoding = 4; lastKnownFileType = sourcecode.c.objc; path = "UIActivityIndicatorView+AFNetworking.m"; sourceTree = "<group>"; };
		2A2DAC4D1AA78429002E408F /* UIAlertView+AFNetworking.h */ = {isa = PBXFileReference; fileEncoding = 4; lastKnownFileType = sourcecode.c.h; path = "UIAlertView+AFNetworking.h"; sourceTree = "<group>"; };
		2A2DAC4E1AA78429002E408F /* UIAlertView+AFNetworking.m */ = {isa = PBXFileReference; fileEncoding = 4; lastKnownFileType = sourcecode.c.objc; path = "UIAlertView+AFNetworking.m"; sourceTree = "<group>"; };
		2A2DAC4F1AA78429002E408F /* UIButton+AFNetworking.h */ = {isa = PBXFileReference; fileEncoding = 4; lastKnownFileType = sourcecode.c.h; path = "UIButton+AFNetworking.h"; sourceTree = "<group>"; };
		2A2DAC501AA78429002E408F /* UIButton+AFNetworking.m */ = {isa = PBXFileReference; fileEncoding = 4; lastKnownFileType = sourcecode.c.objc; path = "UIButton+AFNetworking.m"; sourceTree = "<group>"; };
		2A2DAC511AA78429002E408F /* UIImageView+AFNetworking.h */ = {isa = PBXFileReference; fileEncoding = 4; lastKnownFileType = sourcecode.c.h; path = "UIImageView+AFNetworking.h"; sourceTree = "<group>"; };
		2A2DAC521AA78429002E408F /* UIImageView+AFNetworking.m */ = {isa = PBXFileReference; fileEncoding = 4; lastKnownFileType = sourcecode.c.objc; path = "UIImageView+AFNetworking.m"; sourceTree = "<group>"; };
		2A2DAC531AA78429002E408F /* UIKit+AFNetworking.h */ = {isa = PBXFileReference; fileEncoding = 4; lastKnownFileType = sourcecode.c.h; path = "UIKit+AFNetworking.h"; sourceTree = "<group>"; };
		2A2DAC541AA78429002E408F /* UIProgressView+AFNetworking.h */ = {isa = PBXFileReference; fileEncoding = 4; lastKnownFileType = sourcecode.c.h; path = "UIProgressView+AFNetworking.h"; sourceTree = "<group>"; };
		2A2DAC551AA78429002E408F /* UIProgressView+AFNetworking.m */ = {isa = PBXFileReference; fileEncoding = 4; lastKnownFileType = sourcecode.c.objc; path = "UIProgressView+AFNetworking.m"; sourceTree = "<group>"; };
		2A2DAC561AA78429002E408F /* UIRefreshControl+AFNetworking.h */ = {isa = PBXFileReference; fileEncoding = 4; lastKnownFileType = sourcecode.c.h; path = "UIRefreshControl+AFNetworking.h"; sourceTree = "<group>"; };
		2A2DAC571AA78429002E408F /* UIRefreshControl+AFNetworking.m */ = {isa = PBXFileReference; fileEncoding = 4; lastKnownFileType = sourcecode.c.objc; path = "UIRefreshControl+AFNetworking.m"; sourceTree = "<group>"; };
		2A2DAC581AA78429002E408F /* UIWebView+AFNetworking.h */ = {isa = PBXFileReference; fileEncoding = 4; lastKnownFileType = sourcecode.c.h; path = "UIWebView+AFNetworking.h"; sourceTree = "<group>"; };
		2A2DAC591AA78429002E408F /* UIWebView+AFNetworking.m */ = {isa = PBXFileReference; fileEncoding = 4; lastKnownFileType = sourcecode.c.objc; path = "UIWebView+AFNetworking.m"; sourceTree = "<group>"; };
		2A2DAC711AA78450002E408F /* TDDownloadManager.h */ = {isa = PBXFileReference; fileEncoding = 4; lastKnownFileType = sourcecode.c.h; path = TDDownloadManager.h; sourceTree = "<group>"; };
		2A2DAC721AA78450002E408F /* TDDownloadManager.m */ = {isa = PBXFileReference; fileEncoding = 4; lastKnownFileType = sourcecode.c.objc; path = TDDownloadManager.m; sourceTree = "<group>"; };
		2A2DAC751AA785B5002E408F /* ARCMacros.h */ = {isa = PBXFileReference; lastKnownFileType = sourcecode.c.h; name = ARCMacros.h; path = ../../../ARCMacros.h; sourceTree = "<group>"; };
		2A476F2C1AC4066B0043FB21 /* TDPreUpdateProcedure.h */ = {isa = PBXFileReference; fileEncoding = 4; lastKnownFileType = sourcecode.c.h; path = TDPreUpdateProcedure.h; sourceTree = "<group>"; };
		2A476F2D1AC4066B0043FB21 /* TDPreUpdateProcedure.m */ = {isa = PBXFileReference; fileEncoding = 4; lastKnownFileType = sourcecode.c.objc; path = TDPreUpdateProcedure.m; sourceTree = "<group>"; };
		2A8A59EB1AD81F42000CEA93 /* TDJSONReader.h */ = {isa = PBXFileReference; fileEncoding = 4; lastKnownFileType = sourcecode.c.h; path = TDJSONReader.h; sourceTree = "<group>"; };
		2A8A59EC1AD81F42000CEA93 /* TDJSONReader.m */ = {isa = PBXFileReference; fileEncoding = 4; lastKnownFileType = sourcecode.c.objc; path = TDJSONReader.m; sourceTree = "<group>"; };
		2A8FDD301AB745AB006BD130 /* LICENSE */ = {isa = PBXFileReference; fileEncoding = 4; lastKnownFileType = text; path = LICENSE; sourceTree = "<group>"; };
		2A8FDD311AB745AB006BD130 /* README.md */ = {isa = PBXFileReference; fileEncoding = 4; lastKnownFileType = net.daringfireball.markdown; path = README.md; sourceTree = "<group>"; };
		2A8FDD331AB745AB006BD130 /* ARCMacros.h */ = {isa = PBXFileReference; fileEncoding = 4; lastKnownFileType = sourcecode.c.h; path = ARCMacros.h; sourceTree = "<group>"; };
		2A8FDD341AB745AB006BD130 /* TDFoundation.h */ = {isa = PBXFileReference; fileEncoding = 4; lastKnownFileType = sourcecode.c.h; path = TDFoundation.h; sourceTree = "<group>"; };
		2A8FDD351AB745AB006BD130 /* TDTexturePackerXMLReader.h */ = {isa = PBXFileReference; fileEncoding = 4; lastKnownFileType = sourcecode.c.h; path = TDTexturePackerXMLReader.h; sourceTree = "<group>"; };
		2A8FDD361AB745AB006BD130 /* TDTexturePackerXMLReader.m */ = {isa = PBXFileReference; fileEncoding = 4; lastKnownFileType = sourcecode.c.objc; path = TDTexturePackerXMLReader.m; sourceTree = "<group>"; };
		2A8FDD371AB745AB006BD130 /* TDUtilities.h */ = {isa = PBXFileReference; fileEncoding = 4; lastKnownFileType = sourcecode.c.h; path = TDUtilities.h; sourceTree = "<group>"; };
		2A8FDD381AB745AB006BD130 /* TDUtilities.m */ = {isa = PBXFileReference; fileEncoding = 4; lastKnownFileType = sourcecode.c.objc; path = TDUtilities.m; sourceTree = "<group>"; };
		2AC3D3C21AAF4216007CB19F /* TDNetworkReachabilityManager.h */ = {isa = PBXFileReference; fileEncoding = 4; lastKnownFileType = sourcecode.c.h; path = TDNetworkReachabilityManager.h; sourceTree = "<group>"; };
		2AC3D3C31AAF4216007CB19F /* TDNetworkReachabilityManager.m */ = {isa = PBXFileReference; fileEncoding = 4; lastKnownFileType = sourcecode.c.objc; path = TDNetworkReachabilityManager.m; sourceTree = "<group>"; };
/* End PBXFileReference section */

/* Begin PBXFrameworksBuildPhase section */
		2A2DAC011AA781B1002E408F /* Frameworks */ = {
			isa = PBXFrameworksBuildPhase;
			buildActionMask = 2147483647;
			files = (
			);
			runOnlyForDeploymentPostprocessing = 0;
		};
		2A2DAC1A1AA781B2002E408F /* Frameworks */ = {
			isa = PBXFrameworksBuildPhase;
			buildActionMask = 2147483647;
			files = (
			);
			runOnlyForDeploymentPostprocessing = 0;
		};
/* End PBXFrameworksBuildPhase section */

/* Begin PBXGroup section */
		2A1B18D81AB9D4CC00B5F345 /* Foundation+TechD */ = {
			isa = PBXGroup;
			children = (
				2A1B18D91AB9D4CC00B5F345 /* Foundation+TechD */,
			);
			name = "Foundation+TechD";
			path = "../../Libraries/Foundation+TechD";
			sourceTree = "<group>";
		};
		2A1B18D91AB9D4CC00B5F345 /* Foundation+TechD */ = {
			isa = PBXGroup;
			children = (
				2A1B18DA1AB9D4CC00B5F345 /* Foundation+TechD.h */,
				2A1B18DB1AB9D4CC00B5F345 /* NSString+TechD.h */,
				2A1B18DC1AB9D4CD00B5F345 /* NSString+TechD.m */,
				2A2295C61ABC7D2D002D5F37 /* NSJSONSerialization+TechD.h */,
				2A2295C71ABC7D2D002D5F37 /* NSJSONSerialization+TechD.m */,
			);
			path = "Foundation+TechD";
			sourceTree = "<group>";
		};
		2A2DABFB1AA781B1002E408F = {
			isa = PBXGroup;
			children = (
				2A2DAC061AA781B1002E408F /* DemoDownloadManager */,
				2A2DAC201AA781B2002E408F /* DemoDownloadManagerTests */,
				2A2DAC301AA783EC002E408F /* Libraries */,
				2A2DAC051AA781B1002E408F /* Products */,
			);
			sourceTree = "<group>";
		};
		2A2DAC051AA781B1002E408F /* Products */ = {
			isa = PBXGroup;
			children = (
				2A2DAC041AA781B1002E408F /* DemoDownloadManager.app */,
				2A2DAC1D1AA781B2002E408F /* DemoDownloadManagerTests.xctest */,
			);
			name = Products;
			sourceTree = "<group>";
		};
		2A2DAC061AA781B1002E408F /* DemoDownloadManager */ = {
			isa = PBXGroup;
			children = (
				2A2DAC751AA785B5002E408F /* ARCMacros.h */,
				2A2DAC2D1AA7831F002E408F /* TableViewController.h */,
				2A2DAC2E1AA7831F002E408F /* TableViewController.m */,
				2A2DAC0B1AA781B1002E408F /* AppDelegate.h */,
				2A2DAC0C1AA781B1002E408F /* AppDelegate.m */,
				2A2DAC071AA781B1002E408F /* Supporting Files */,
			);
			path = DemoDownloadManager;
			sourceTree = "<group>";
		};
		2A2DAC071AA781B1002E408F /* Supporting Files */ = {
			isa = PBXGroup;
			children = (
				2A2DAC081AA781B1002E408F /* Info.plist */,
				2A2DAC091AA781B1002E408F /* main.m */,
			);
			name = "Supporting Files";
			sourceTree = "<group>";
		};
		2A2DAC201AA781B2002E408F /* DemoDownloadManagerTests */ = {
			isa = PBXGroup;
			children = (
				2A2DAC231AA781B2002E408F /* DemoDownloadManagerTests.m */,
				2A2DAC211AA781B2002E408F /* Supporting Files */,
			);
			path = DemoDownloadManagerTests;
			sourceTree = "<group>";
		};
		2A2DAC211AA781B2002E408F /* Supporting Files */ = {
			isa = PBXGroup;
			children = (
				2A2DAC221AA781B2002E408F /* Info.plist */,
			);
			name = "Supporting Files";
			sourceTree = "<group>";
		};
		2A2DAC301AA783EC002E408F /* Libraries */ = {
			isa = PBXGroup;
			children = (
				2A2DAC311AA78429002E408F /* AFNetworking */,
				2A1B18D81AB9D4CC00B5F345 /* Foundation+TechD */,
				2A8FDD2F1AB745AB006BD130 /* TDFoundation */,
				2A2DAC6D1AA78450002E408F /* TDDownloadManager */,
			);
			name = Libraries;
			sourceTree = "<group>";
		};
		2A2DAC311AA78429002E408F /* AFNetworking */ = {
			isa = PBXGroup;
			children = (
				2A2DAC481AA78429002E408F /* UIKit+AFNetworking */,
				2A2DAC321AA78429002E408F /* AFNetworking */,
				2A2DAC461AA78429002E408F /* LICENSE */,
				2A2DAC471AA78429002E408F /* README.md */,
			);
			name = AFNetworking;
			path = ../../Libraries/AFNetworking;
			sourceTree = "<group>";
		};
		2A2DAC321AA78429002E408F /* AFNetworking */ = {
			isa = PBXGroup;
			children = (
				2A2DAC331AA78429002E408F /* AFHTTPRequestOperation.h */,
				2A2DAC341AA78429002E408F /* AFHTTPRequestOperation.m */,
				2A2DAC351AA78429002E408F /* AFHTTPRequestOperationManager.h */,
				2A2DAC361AA78429002E408F /* AFHTTPRequestOperationManager.m */,
				2A2DAC371AA78429002E408F /* AFHTTPSessionManager.h */,
				2A2DAC381AA78429002E408F /* AFHTTPSessionManager.m */,
				2A2DAC391AA78429002E408F /* AFNetworking.h */,
				2A2DAC3A1AA78429002E408F /* AFNetworkReachabilityManager.h */,
				2A2DAC3B1AA78429002E408F /* AFNetworkReachabilityManager.m */,
				2A2DAC3C1AA78429002E408F /* AFSecurityPolicy.h */,
				2A2DAC3D1AA78429002E408F /* AFSecurityPolicy.m */,
				2A2DAC3E1AA78429002E408F /* AFURLConnectionOperation.h */,
				2A2DAC3F1AA78429002E408F /* AFURLConnectionOperation.m */,
				2A2DAC401AA78429002E408F /* AFURLRequestSerialization.h */,
				2A2DAC411AA78429002E408F /* AFURLRequestSerialization.m */,
				2A2DAC421AA78429002E408F /* AFURLResponseSerialization.h */,
				2A2DAC431AA78429002E408F /* AFURLResponseSerialization.m */,
				2A2DAC441AA78429002E408F /* AFURLSessionManager.h */,
				2A2DAC451AA78429002E408F /* AFURLSessionManager.m */,
			);
			path = AFNetworking;
			sourceTree = "<group>";
		};
		2A2DAC481AA78429002E408F /* UIKit+AFNetworking */ = {
			isa = PBXGroup;
			children = (
				2A2DAC491AA78429002E408F /* AFNetworkActivityIndicatorManager.h */,
				2A2DAC4A1AA78429002E408F /* AFNetworkActivityIndicatorManager.m */,
				2A2DAC4B1AA78429002E408F /* UIActivityIndicatorView+AFNetworking.h */,
				2A2DAC4C1AA78429002E408F /* UIActivityIndicatorView+AFNetworking.m */,
				2A2DAC4D1AA78429002E408F /* UIAlertView+AFNetworking.h */,
				2A2DAC4E1AA78429002E408F /* UIAlertView+AFNetworking.m */,
				2A2DAC4F1AA78429002E408F /* UIButton+AFNetworking.h */,
				2A2DAC501AA78429002E408F /* UIButton+AFNetworking.m */,
				2A2DAC511AA78429002E408F /* UIImageView+AFNetworking.h */,
				2A2DAC521AA78429002E408F /* UIImageView+AFNetworking.m */,
				2A2DAC531AA78429002E408F /* UIKit+AFNetworking.h */,
				2A2DAC541AA78429002E408F /* UIProgressView+AFNetworking.h */,
				2A2DAC551AA78429002E408F /* UIProgressView+AFNetworking.m */,
				2A2DAC561AA78429002E408F /* UIRefreshControl+AFNetworking.h */,
				2A2DAC571AA78429002E408F /* UIRefreshControl+AFNetworking.m */,
				2A2DAC581AA78429002E408F /* UIWebView+AFNetworking.h */,
				2A2DAC591AA78429002E408F /* UIWebView+AFNetworking.m */,
			);
			path = "UIKit+AFNetworking";
			sourceTree = "<group>";
		};
		2A2DAC6D1AA78450002E408F /* TDDownloadManager */ = {
			isa = PBXGroup;
			children = (
				2AC3D3C21AAF4216007CB19F /* TDNetworkReachabilityManager.h */,
				2AC3D3C31AAF4216007CB19F /* TDNetworkReachabilityManager.m */,
				2A2DAC711AA78450002E408F /* TDDownloadManager.h */,
				2A2DAC721AA78450002E408F /* TDDownloadManager.m */,
				2A476F2C1AC4066B0043FB21 /* TDPreUpdateProcedure.h */,
				2A476F2D1AC4066B0043FB21 /* TDPreUpdateProcedure.m */,
			);
			name = TDDownloadManager;
			path = ../../TDDownloadManager;
			sourceTree = "<group>";
		};
		2A8FDD2F1AB745AB006BD130 /* TDFoundation */ = {
			isa = PBXGroup;
			children = (
				2A8FDD301AB745AB006BD130 /* LICENSE */,
				2A8FDD311AB745AB006BD130 /* README.md */,
				2A8FDD321AB745AB006BD130 /* TDFoundation */,
			);
			name = TDFoundation;
			path = ../../Libraries/TDFoundation;
			sourceTree = "<group>";
		};
		2A8FDD321AB745AB006BD130 /* TDFoundation */ = {
			isa = PBXGroup;
			children = (
				2A8FDD331AB745AB006BD130 /* ARCMacros.h */,
				2A8FDD341AB745AB006BD130 /* TDFoundation.h */,
				2A8FDD371AB745AB006BD130 /* TDUtilities.h */,
				2A8FDD381AB745AB006BD130 /* TDUtilities.m */,
				2A8FDD351AB745AB006BD130 /* TDTexturePackerXMLReader.h */,
				2A8FDD361AB745AB006BD130 /* TDTexturePackerXMLReader.m */,
				2A8A59EB1AD81F42000CEA93 /* TDJSONReader.h */,
				2A8A59EC1AD81F42000CEA93 /* TDJSONReader.m */,
			);
			path = TDFoundation;
			sourceTree = "<group>";
		};
/* End PBXGroup section */

/* Begin PBXNativeTarget section */
		2A2DAC031AA781B1002E408F /* DemoDownloadManager */ = {
			isa = PBXNativeTarget;
			buildConfigurationList = 2A2DAC271AA781B2002E408F /* Build configuration list for PBXNativeTarget "DemoDownloadManager" */;
			buildPhases = (
				2A2DAC001AA781B1002E408F /* Sources */,
				2A2DAC011AA781B1002E408F /* Frameworks */,
				2A2DAC021AA781B1002E408F /* Resources */,
			);
			buildRules = (
			);
			dependencies = (
			);
			name = DemoDownloadManager;
			productName = DemoDownloadManager;
			productReference = 2A2DAC041AA781B1002E408F /* DemoDownloadManager.app */;
			productType = "com.apple.product-type.application";
		};
		2A2DAC1C1AA781B2002E408F /* DemoDownloadManagerTests */ = {
			isa = PBXNativeTarget;
			buildConfigurationList = 2A2DAC2A1AA781B2002E408F /* Build configuration list for PBXNativeTarget "DemoDownloadManagerTests" */;
			buildPhases = (
				2A2DAC191AA781B2002E408F /* Sources */,
				2A2DAC1A1AA781B2002E408F /* Frameworks */,
				2A2DAC1B1AA781B2002E408F /* Resources */,
			);
			buildRules = (
			);
			dependencies = (
				2A2DAC1F1AA781B2002E408F /* PBXTargetDependency */,
			);
			name = DemoDownloadManagerTests;
			productName = DemoDownloadManagerTests;
			productReference = 2A2DAC1D1AA781B2002E408F /* DemoDownloadManagerTests.xctest */;
			productType = "com.apple.product-type.bundle.unit-test";
		};
/* End PBXNativeTarget section */

/* Begin PBXProject section */
		2A2DABFC1AA781B1002E408F /* Project object */ = {
			isa = PBXProject;
			attributes = {
				LastUpgradeCheck = 0610;
				ORGANIZATIONNAME = TechD;
				TargetAttributes = {
					2A2DAC031AA781B1002E408F = {
						CreatedOnToolsVersion = 6.1.1;
					};
					2A2DAC1C1AA781B2002E408F = {
						CreatedOnToolsVersion = 6.1.1;
						TestTargetID = 2A2DAC031AA781B1002E408F;
					};
				};
			};
			buildConfigurationList = 2A2DABFF1AA781B1002E408F /* Build configuration list for PBXProject "DemoDownloadManager" */;
			compatibilityVersion = "Xcode 3.2";
			developmentRegion = English;
			hasScannedForEncodings = 0;
			knownRegions = (
				en,
				Base,
			);
			mainGroup = 2A2DABFB1AA781B1002E408F;
			productRefGroup = 2A2DAC051AA781B1002E408F /* Products */;
			projectDirPath = "";
			projectRoot = "";
			targets = (
				2A2DAC031AA781B1002E408F /* DemoDownloadManager */,
				2A2DAC1C1AA781B2002E408F /* DemoDownloadManagerTests */,
			);
		};
/* End PBXProject section */

/* Begin PBXResourcesBuildPhase section */
		2A2DAC021AA781B1002E408F /* Resources */ = {
			isa = PBXResourcesBuildPhase;
			buildActionMask = 2147483647;
			files = (
				2A8FDD391AB745AB006BD130 /* LICENSE in Resources */,
				2A2DAC631AA78429002E408F /* LICENSE in Resources */,
			);
			runOnlyForDeploymentPostprocessing = 0;
		};
		2A2DAC1B1AA781B2002E408F /* Resources */ = {
			isa = PBXResourcesBuildPhase;
			buildActionMask = 2147483647;
			files = (
			);
			runOnlyForDeploymentPostprocessing = 0;
		};
/* End PBXResourcesBuildPhase section */

/* Begin PBXSourcesBuildPhase section */
		2A2DAC001AA781B1002E408F /* Sources */ = {
			isa = PBXSourcesBuildPhase;
			buildActionMask = 2147483647;
			files = (
				2A2DAC6A1AA78429002E408F /* UIProgressView+AFNetworking.m in Sources */,
				2A2DAC681AA78429002E408F /* UIButton+AFNetworking.m in Sources */,
				2A2DAC6B1AA78429002E408F /* UIRefreshControl+AFNetworking.m in Sources */,
				2A2DAC671AA78429002E408F /* UIAlertView+AFNetworking.m in Sources */,
				2A2DAC5A1AA78429002E408F /* AFHTTPRequestOperation.m in Sources */,
				2A2DAC0D1AA781B1002E408F /* AppDelegate.m in Sources */,
				2A2295C81ABC7D2D002D5F37 /* NSJSONSerialization+TechD.m in Sources */,
				2A8FDD3A1AB745AB006BD130 /* README.md in Sources */,
				2A2DAC5B1AA78429002E408F /* AFHTTPRequestOperationManager.m in Sources */,
				2A2DAC5D1AA78429002E408F /* AFNetworkReachabilityManager.m in Sources */,
				2A2DAC641AA78429002E408F /* README.md in Sources */,
				2A2DAC691AA78429002E408F /* UIImageView+AFNetworking.m in Sources */,
				2A8FDD3B1AB745AB006BD130 /* TDTexturePackerXMLReader.m in Sources */,
				2A2DAC611AA78429002E408F /* AFURLResponseSerialization.m in Sources */,
				2A8A59ED1AD81F42000CEA93 /* TDJSONReader.m in Sources */,
				2A2DAC661AA78429002E408F /* UIActivityIndicatorView+AFNetworking.m in Sources */,
				2A1B18DD1AB9D4CD00B5F345 /* NSString+TechD.m in Sources */,
				2A2DAC5F1AA78429002E408F /* AFURLConnectionOperation.m in Sources */,
				2A2DAC741AA78450002E408F /* TDDownloadManager.m in Sources */,
				2A2DAC5E1AA78429002E408F /* AFSecurityPolicy.m in Sources */,
				2A2DAC5C1AA78429002E408F /* AFHTTPSessionManager.m in Sources */,
				2A2DAC601AA78429002E408F /* AFURLRequestSerialization.m in Sources */,
				2A2DAC621AA78429002E408F /* AFURLSessionManager.m in Sources */,
				2A2DAC6C1AA78429002E408F /* UIWebView+AFNetworking.m in Sources */,
				2AC3D3C41AAF4216007CB19F /* TDNetworkReachabilityManager.m in Sources */,
				2A2DAC2F1AA7831F002E408F /* TableViewController.m in Sources */,
				2A476F2E1AC4066B0043FB21 /* TDPreUpdateProcedure.m in Sources */,
				2A2DAC651AA78429002E408F /* AFNetworkActivityIndicatorManager.m in Sources */,
				2A8FDD3C1AB745AB006BD130 /* TDUtilities.m in Sources */,
				2A2DAC0A1AA781B1002E408F /* main.m in Sources */,
			);
			runOnlyForDeploymentPostprocessing = 0;
		};
		2A2DAC191AA781B2002E408F /* Sources */ = {
			isa = PBXSourcesBuildPhase;
			buildActionMask = 2147483647;
			files = (
				2A2DAC241AA781B2002E408F /* DemoDownloadManagerTests.m in Sources */,
			);
			runOnlyForDeploymentPostprocessing = 0;
		};
/* End PBXSourcesBuildPhase section */

/* Begin PBXTargetDependency section */
		2A2DAC1F1AA781B2002E408F /* PBXTargetDependency */ = {
			isa = PBXTargetDependency;
			target = 2A2DAC031AA781B1002E408F /* DemoDownloadManager */;
			targetProxy = 2A2DAC1E1AA781B2002E408F /* PBXContainerItemProxy */;
		};
/* End PBXTargetDependency section */

/* Begin XCBuildConfiguration section */
		2A2DAC251AA781B2002E408F /* Debug */ = {
			isa = XCBuildConfiguration;
			buildSettings = {
				ALWAYS_SEARCH_USER_PATHS = NO;
				CLANG_CXX_LANGUAGE_STANDARD = "gnu++0x";
				CLANG_CXX_LIBRARY = "libc++";
				CLANG_ENABLE_MODULES = YES;
				CLANG_ENABLE_OBJC_ARC = YES;
				CLANG_WARN_BOOL_CONVERSION = YES;
				CLANG_WARN_CONSTANT_CONVERSION = YES;
				CLANG_WARN_DIRECT_OBJC_ISA_USAGE = YES_ERROR;
				CLANG_WARN_EMPTY_BODY = YES;
				CLANG_WARN_ENUM_CONVERSION = YES;
				CLANG_WARN_INT_CONVERSION = YES;
				CLANG_WARN_OBJC_ROOT_CLASS = YES_ERROR;
				CLANG_WARN_UNREACHABLE_CODE = YES;
				CLANG_WARN__DUPLICATE_METHOD_MATCH = YES;
				"CODE_SIGN_IDENTITY[sdk=iphoneos*]" = "iPhone Developer";
				COPY_PHASE_STRIP = NO;
				ENABLE_STRICT_OBJC_MSGSEND = YES;
				GCC_C_LANGUAGE_STANDARD = gnu99;
				GCC_DYNAMIC_NO_PIC = NO;
				GCC_OPTIMIZATION_LEVEL = 0;
				GCC_PREPROCESSOR_DEFINITIONS = (
					"DEBUG=1",
					"$(inherited)",
				);
				GCC_SYMBOLS_PRIVATE_EXTERN = NO;
				GCC_WARN_64_TO_32_BIT_CONVERSION = YES;
				GCC_WARN_ABOUT_RETURN_TYPE = YES_ERROR;
				GCC_WARN_UNDECLARED_SELECTOR = YES;
				GCC_WARN_UNINITIALIZED_AUTOS = YES_AGGRESSIVE;
				GCC_WARN_UNUSED_FUNCTION = YES;
				GCC_WARN_UNUSED_VARIABLE = YES;
				IPHONEOS_DEPLOYMENT_TARGET = 8.0;
				MTL_ENABLE_DEBUG_INFO = YES;
				ONLY_ACTIVE_ARCH = YES;
				SDKROOT = iphoneos;
			};
			name = Debug;
		};
		2A2DAC261AA781B2002E408F /* Release */ = {
			isa = XCBuildConfiguration;
			buildSettings = {
				ALWAYS_SEARCH_USER_PATHS = NO;
				CLANG_CXX_LANGUAGE_STANDARD = "gnu++0x";
				CLANG_CXX_LIBRARY = "libc++";
				CLANG_ENABLE_MODULES = YES;
				CLANG_ENABLE_OBJC_ARC = YES;
				CLANG_WARN_BOOL_CONVERSION = YES;
				CLANG_WARN_CONSTANT_CONVERSION = YES;
				CLANG_WARN_DIRECT_OBJC_ISA_USAGE = YES_ERROR;
				CLANG_WARN_EMPTY_BODY = YES;
				CLANG_WARN_ENUM_CONVERSION = YES;
				CLANG_WARN_INT_CONVERSION = YES;
				CLANG_WARN_OBJC_ROOT_CLASS = YES_ERROR;
				CLANG_WARN_UNREACHABLE_CODE = YES;
				CLANG_WARN__DUPLICATE_METHOD_MATCH = YES;
				"CODE_SIGN_IDENTITY[sdk=iphoneos*]" = "iPhone Developer";
				COPY_PHASE_STRIP = YES;
				ENABLE_NS_ASSERTIONS = NO;
				ENABLE_STRICT_OBJC_MSGSEND = YES;
				GCC_C_LANGUAGE_STANDARD = gnu99;
				GCC_WARN_64_TO_32_BIT_CONVERSION = YES;
				GCC_WARN_ABOUT_RETURN_TYPE = YES_ERROR;
				GCC_WARN_UNDECLARED_SELECTOR = YES;
				GCC_WARN_UNINITIALIZED_AUTOS = YES_AGGRESSIVE;
				GCC_WARN_UNUSED_FUNCTION = YES;
				GCC_WARN_UNUSED_VARIABLE = YES;
				IPHONEOS_DEPLOYMENT_TARGET = 8.0;
				MTL_ENABLE_DEBUG_INFO = NO;
				SDKROOT = iphoneos;
				VALIDATE_PRODUCT = YES;
			};
			name = Release;
		};
		2A2DAC281AA781B2002E408F /* Debug */ = {
			isa = XCBuildConfiguration;
			buildSettings = {
				ASSETCATALOG_COMPILER_APPICON_NAME = AppIcon;
				INFOPLIST_FILE = DemoDownloadManager/Info.plist;
				LD_RUNPATH_SEARCH_PATHS = "$(inherited) @executable_path/Frameworks";
				PRODUCT_NAME = "$(TARGET_NAME)";
			};
			name = Debug;
		};
		2A2DAC291AA781B2002E408F /* Release */ = {
			isa = XCBuildConfiguration;
			buildSettings = {
				ASSETCATALOG_COMPILER_APPICON_NAME = AppIcon;
				INFOPLIST_FILE = DemoDownloadManager/Info.plist;
				LD_RUNPATH_SEARCH_PATHS = "$(inherited) @executable_path/Frameworks";
				PRODUCT_NAME = "$(TARGET_NAME)";
			};
			name = Release;
		};
		2A2DAC2B1AA781B2002E408F /* Debug */ = {
			isa = XCBuildConfiguration;
			buildSettings = {
				BUNDLE_LOADER = "$(TEST_HOST)";
				FRAMEWORK_SEARCH_PATHS = (
					"$(SDKROOT)/Developer/Library/Frameworks",
					"$(inherited)",
				);
				GCC_PREPROCESSOR_DEFINITIONS = (
					"DEBUG=1",
					"$(inherited)",
				);
				INFOPLIST_FILE = DemoDownloadManagerTests/Info.plist;
				LD_RUNPATH_SEARCH_PATHS = "$(inherited) @executable_path/Frameworks @loader_path/Frameworks";
				PRODUCT_NAME = "$(TARGET_NAME)";
				TEST_HOST = "$(BUILT_PRODUCTS_DIR)/DemoDownloadManager.app/DemoDownloadManager";
			};
			name = Debug;
		};
		2A2DAC2C1AA781B2002E408F /* Release */ = {
			isa = XCBuildConfiguration;
			buildSettings = {
				BUNDLE_LOADER = "$(TEST_HOST)";
				FRAMEWORK_SEARCH_PATHS = (
					"$(SDKROOT)/Developer/Library/Frameworks",
					"$(inherited)",
				);
				INFOPLIST_FILE = DemoDownloadManagerTests/Info.plist;
				LD_RUNPATH_SEARCH_PATHS = "$(inherited) @executable_path/Frameworks @loader_path/Frameworks";
				PRODUCT_NAME = "$(TARGET_NAME)";
				TEST_HOST = "$(BUILT_PRODUCTS_DIR)/DemoDownloadManager.app/DemoDownloadManager";
			};
			name = Release;
		};
/* End XCBuildConfiguration section */

/* Begin XCConfigurationList section */
		2A2DABFF1AA781B1002E408F /* Build configuration list for PBXProject "DemoDownloadManager" */ = {
			isa = XCConfigurationList;
			buildConfigurations = (
				2A2DAC251AA781B2002E408F /* Debug */,
				2A2DAC261AA781B2002E408F /* Release */,
			);
			defaultConfigurationIsVisible = 0;
			defaultConfigurationName = Release;
		};
		2A2DAC271AA781B2002E408F /* Build configuration list for PBXNativeTarget "DemoDownloadManager" */ = {
			isa = XCConfigurationList;
			buildConfigurations = (
				2A2DAC281AA781B2002E408F /* Debug */,
				2A2DAC291AA781B2002E408F /* Release */,
			);
			defaultConfigurationIsVisible = 0;
			defaultConfigurationName = Release;
		};
		2A2DAC2A1AA781B2002E408F /* Build configuration list for PBXNativeTarget "DemoDownloadManagerTests" */ = {
			isa = XCConfigurationList;
			buildConfigurations = (
				2A2DAC2B1AA781B2002E408F /* Debug */,
				2A2DAC2C1AA781B2002E408F /* Release */,
			);
			defaultConfigurationIsVisible = 0;
			defaultConfigurationName = Release;
		};
/* End XCConfigurationList section */
	};
	rootObject = 2A2DABFC1AA781B1002E408F /* Project object */;
}
