// !$*UTF8*$!
{
	archiveVersion = 1;
	classes = {
	};
	objectVersion = 46;
	objects = {

/* Begin PBXBuildFile section */
		2A8A59EA1AD81EE0000CEA93 /* TDJSONReader.m in Sources */ = {isa = PBXBuildFile; fileRef = 2A8A59E91AD81EE0000CEA93 /* TDJSONReader.m */; };
		2A8A59F01AD820F6000CEA93 /* TDPreUpdateJSONInfo.m in Sources */ = {isa = PBXBuildFile; fileRef = 2A8A59EF1AD820F6000CEA93 /* TDPreUpdateJSONInfo.m */; };
		2A8FDD2B1AB737A4006BD130 /* TDTexturePackerXMLReader.m in Sources */ = {isa = PBXBuildFile; fileRef = 2A8FDD251AB737A4006BD130 /* TDTexturePackerXMLReader.m */; };
		2A8FDD2C1AB737A4006BD130 /* TDTexturePackerXMLReader.m in Sources */ = {isa = PBXBuildFile; fileRef = 2A8FDD251AB737A4006BD130 /* TDTexturePackerXMLReader.m */; };
		2A8FDD2D1AB737A4006BD130 /* TDUtilities.m in Sources */ = {isa = PBXBuildFile; fileRef = 2A8FDD271AB737A4006BD130 /* TDUtilities.m */; };
		2A8FDD2E1AB737A4006BD130 /* TDUtilities.m in Sources */ = {isa = PBXBuildFile; fileRef = 2A8FDD271AB737A4006BD130 /* TDUtilities.m */; };
		2A9B92421AC2BBD00044CC8A /* TDPreUpdateProcedure.m in Sources */ = {isa = PBXBuildFile; fileRef = 2A9B92411AC2BBD00044CC8A /* TDPreUpdateProcedure.m */; };
		2AA3AB741AA629DC00A45D67 /* TDDownloadManager.h in CopyFiles */ = {isa = PBXBuildFile; fileRef = 2AA3AB731AA629DC00A45D67 /* TDDownloadManager.h */; };
		2AA3AB761AA629DC00A45D67 /* TDDownloadManager.m in Sources */ = {isa = PBXBuildFile; fileRef = 2AA3AB751AA629DC00A45D67 /* TDDownloadManager.m */; };
		2AA3AB7C1AA629DC00A45D67 /* libTDDownloadManager.a in Frameworks */ = {isa = PBXBuildFile; fileRef = 2AA3AB701AA629DC00A45D67 /* libTDDownloadManager.a */; };
		2AA3ABB31AA6332200A45D67 /* AFHTTPRequestOperation.m in Sources */ = {isa = PBXBuildFile; fileRef = 2AA3AB8D1AA6332200A45D67 /* AFHTTPRequestOperation.m */; };
		2AA3ABB41AA6332200A45D67 /* AFHTTPRequestOperationManager.m in Sources */ = {isa = PBXBuildFile; fileRef = 2AA3AB8F1AA6332200A45D67 /* AFHTTPRequestOperationManager.m */; };
		2AA3ABB51AA6332200A45D67 /* AFHTTPSessionManager.m in Sources */ = {isa = PBXBuildFile; fileRef = 2AA3AB911AA6332200A45D67 /* AFHTTPSessionManager.m */; };
		2AA3ABB61AA6332200A45D67 /* AFNetworkReachabilityManager.m in Sources */ = {isa = PBXBuildFile; fileRef = 2AA3AB941AA6332200A45D67 /* AFNetworkReachabilityManager.m */; };
		2AA3ABB71AA6332200A45D67 /* AFSecurityPolicy.m in Sources */ = {isa = PBXBuildFile; fileRef = 2AA3AB961AA6332200A45D67 /* AFSecurityPolicy.m */; };
		2AA3ABB81AA6332200A45D67 /* AFURLConnectionOperation.m in Sources */ = {isa = PBXBuildFile; fileRef = 2AA3AB981AA6332200A45D67 /* AFURLConnectionOperation.m */; };
		2AA3ABB91AA6332200A45D67 /* AFURLRequestSerialization.m in Sources */ = {isa = PBXBuildFile; fileRef = 2AA3AB9A1AA6332200A45D67 /* AFURLRequestSerialization.m */; };
		2AA3ABBA1AA6332200A45D67 /* AFURLResponseSerialization.m in Sources */ = {isa = PBXBuildFile; fileRef = 2AA3AB9C1AA6332200A45D67 /* AFURLResponseSerialization.m */; };
		2AA3ABBB1AA6332200A45D67 /* AFURLSessionManager.m in Sources */ = {isa = PBXBuildFile; fileRef = 2AA3AB9E1AA6332200A45D67 /* AFURLSessionManager.m */; };
		2AA3ABBD1AA6332200A45D67 /* AFNetworkActivityIndicatorManager.m in Sources */ = {isa = PBXBuildFile; fileRef = 2AA3ABA31AA6332200A45D67 /* AFNetworkActivityIndicatorManager.m */; };
		2AA3ABBE1AA6332200A45D67 /* UIActivityIndicatorView+AFNetworking.m in Sources */ = {isa = PBXBuildFile; fileRef = 2AA3ABA51AA6332200A45D67 /* UIActivityIndicatorView+AFNetworking.m */; };
		2AA3ABBF1AA6332200A45D67 /* UIAlertView+AFNetworking.m in Sources */ = {isa = PBXBuildFile; fileRef = 2AA3ABA71AA6332200A45D67 /* UIAlertView+AFNetworking.m */; };
		2AA3ABC01AA6332200A45D67 /* UIButton+AFNetworking.m in Sources */ = {isa = PBXBuildFile; fileRef = 2AA3ABA91AA6332200A45D67 /* UIButton+AFNetworking.m */; };
		2AA3ABC11AA6332200A45D67 /* UIImageView+AFNetworking.m in Sources */ = {isa = PBXBuildFile; fileRef = 2AA3ABAB1AA6332200A45D67 /* UIImageView+AFNetworking.m */; };
		2AA3ABC21AA6332200A45D67 /* UIProgressView+AFNetworking.m in Sources */ = {isa = PBXBuildFile; fileRef = 2AA3ABAE1AA6332200A45D67 /* UIProgressView+AFNetworking.m */; };
		2AA3ABC31AA6332200A45D67 /* UIRefreshControl+AFNetworking.m in Sources */ = {isa = PBXBuildFile; fileRef = 2AA3ABB01AA6332200A45D67 /* UIRefreshControl+AFNetworking.m */; };
		2AA3ABC41AA6332200A45D67 /* UIWebView+AFNetworking.m in Sources */ = {isa = PBXBuildFile; fileRef = 2AA3ABB21AA6332200A45D67 /* UIWebView+AFNetworking.m */; };
		2AAB78D21AEE877D00DA71A8 /* main.m in Sources */ = {isa = PBXBuildFile; fileRef = 2AAB78D11AEE877D00DA71A8 /* main.m */; };
		2AAB78D51AEE877D00DA71A8 /* AppDelegate.m in Sources */ = {isa = PBXBuildFile; fileRef = 2AAB78D41AEE877D00DA71A8 /* AppDelegate.m */; };
		2AAB78EC1AEE877E00DA71A8 /* DemoDownloadManagerTests.m in Sources */ = {isa = PBXBuildFile; fileRef = 2AAB78EB1AEE877E00DA71A8 /* DemoDownloadManagerTests.m */; };
		2AAB78F51AEE895200DA71A8 /* TableViewController.m in Sources */ = {isa = PBXBuildFile; fileRef = 2AAB78F41AEE895200DA71A8 /* TableViewController.m */; };
		2AAB78F61AEE8A3200DA71A8 /* AFNetworkActivityIndicatorManager.m in Sources */ = {isa = PBXBuildFile; fileRef = 2AA3ABA31AA6332200A45D67 /* AFNetworkActivityIndicatorManager.m */; };
		2AAB78F71AEE8A3200DA71A8 /* UIActivityIndicatorView+AFNetworking.m in Sources */ = {isa = PBXBuildFile; fileRef = 2AA3ABA51AA6332200A45D67 /* UIActivityIndicatorView+AFNetworking.m */; };
		2AAB78F81AEE8A3200DA71A8 /* UIAlertView+AFNetworking.m in Sources */ = {isa = PBXBuildFile; fileRef = 2AA3ABA71AA6332200A45D67 /* UIAlertView+AFNetworking.m */; };
		2AAB78F91AEE8A3200DA71A8 /* UIButton+AFNetworking.m in Sources */ = {isa = PBXBuildFile; fileRef = 2AA3ABA91AA6332200A45D67 /* UIButton+AFNetworking.m */; };
		2AAB78FA1AEE8A3200DA71A8 /* UIImageView+AFNetworking.m in Sources */ = {isa = PBXBuildFile; fileRef = 2AA3ABAB1AA6332200A45D67 /* UIImageView+AFNetworking.m */; };
		2AAB78FB1AEE8A3200DA71A8 /* UIProgressView+AFNetworking.m in Sources */ = {isa = PBXBuildFile; fileRef = 2AA3ABAE1AA6332200A45D67 /* UIProgressView+AFNetworking.m */; };
		2AAB78FC1AEE8A3200DA71A8 /* UIRefreshControl+AFNetworking.m in Sources */ = {isa = PBXBuildFile; fileRef = 2AA3ABB01AA6332200A45D67 /* UIRefreshControl+AFNetworking.m */; };
		2AAB78FD1AEE8A3200DA71A8 /* UIWebView+AFNetworking.m in Sources */ = {isa = PBXBuildFile; fileRef = 2AA3ABB21AA6332200A45D67 /* UIWebView+AFNetworking.m */; };
		2AAB78FE1AEE8A3200DA71A8 /* AFHTTPRequestOperation.m in Sources */ = {isa = PBXBuildFile; fileRef = 2AA3AB8D1AA6332200A45D67 /* AFHTTPRequestOperation.m */; };
		2AAB78FF1AEE8A3200DA71A8 /* AFHTTPRequestOperationManager.m in Sources */ = {isa = PBXBuildFile; fileRef = 2AA3AB8F1AA6332200A45D67 /* AFHTTPRequestOperationManager.m */; };
		2AAB79001AEE8A3200DA71A8 /* AFHTTPSessionManager.m in Sources */ = {isa = PBXBuildFile; fileRef = 2AA3AB911AA6332200A45D67 /* AFHTTPSessionManager.m */; };
		2AAB79011AEE8A3200DA71A8 /* AFNetworkReachabilityManager.m in Sources */ = {isa = PBXBuildFile; fileRef = 2AA3AB941AA6332200A45D67 /* AFNetworkReachabilityManager.m */; };
		2AAB79021AEE8A3200DA71A8 /* AFSecurityPolicy.m in Sources */ = {isa = PBXBuildFile; fileRef = 2AA3AB961AA6332200A45D67 /* AFSecurityPolicy.m */; };
		2AAB79031AEE8A3200DA71A8 /* AFURLConnectionOperation.m in Sources */ = {isa = PBXBuildFile; fileRef = 2AA3AB981AA6332200A45D67 /* AFURLConnectionOperation.m */; };
		2AAB79041AEE8A3200DA71A8 /* AFURLRequestSerialization.m in Sources */ = {isa = PBXBuildFile; fileRef = 2AA3AB9A1AA6332200A45D67 /* AFURLRequestSerialization.m */; };
		2AAB79051AEE8A3200DA71A8 /* AFURLResponseSerialization.m in Sources */ = {isa = PBXBuildFile; fileRef = 2AA3AB9C1AA6332200A45D67 /* AFURLResponseSerialization.m */; };
		2AAB79061AEE8A3200DA71A8 /* AFURLSessionManager.m in Sources */ = {isa = PBXBuildFile; fileRef = 2AA3AB9E1AA6332200A45D67 /* AFURLSessionManager.m */; };
		2AAB79071AEE8A4F00DA71A8 /* TDUtilities.m in Sources */ = {isa = PBXBuildFile; fileRef = 2A8FDD271AB737A4006BD130 /* TDUtilities.m */; };
		2AAB79081AEE8A4F00DA71A8 /* TDTexturePackerXMLReader.m in Sources */ = {isa = PBXBuildFile; fileRef = 2A8FDD251AB737A4006BD130 /* TDTexturePackerXMLReader.m */; };
		2AAB79091AEE8A4F00DA71A8 /* TDJSONReader.m in Sources */ = {isa = PBXBuildFile; fileRef = 2A8A59E91AD81EE0000CEA93 /* TDJSONReader.m */; };
		2AAB790A1AEE8A5E00DA71A8 /* TDNetworkReachabilityManager.m in Sources */ = {isa = PBXBuildFile; fileRef = 2AC3D3C01AAEFC83007CB19F /* TDNetworkReachabilityManager.m */; };
		2AAB790B1AEE8A5E00DA71A8 /* TDDownloadManager.m in Sources */ = {isa = PBXBuildFile; fileRef = 2AA3AB751AA629DC00A45D67 /* TDDownloadManager.m */; };
		2AAB790C1AEE8A5E00DA71A8 /* TDPreUpdateProcedure.m in Sources */ = {isa = PBXBuildFile; fileRef = 2A9B92411AC2BBD00044CC8A /* TDPreUpdateProcedure.m */; };
		2AAB790D1AEE8A5E00DA71A8 /* TDPreUpdateJSONInfo.m in Sources */ = {isa = PBXBuildFile; fileRef = 2A8A59EF1AD820F6000CEA93 /* TDPreUpdateJSONInfo.m */; };
		2AAB79261AEE8CFE00DA71A8 /* NSBundle+TechD.m in Sources */ = {isa = PBXBuildFile; fileRef = 2AAB791B1AEE8CFD00DA71A8 /* NSBundle+TechD.m */; };
		2AAB79271AEE8CFE00DA71A8 /* NSBundle+TechD.m in Sources */ = {isa = PBXBuildFile; fileRef = 2AAB791B1AEE8CFD00DA71A8 /* NSBundle+TechD.m */; };
		2AAB79281AEE8CFE00DA71A8 /* NSDate+TechD.m in Sources */ = {isa = PBXBuildFile; fileRef = 2AAB791D1AEE8CFD00DA71A8 /* NSDate+TechD.m */; };
		2AAB79291AEE8CFE00DA71A8 /* NSDate+TechD.m in Sources */ = {isa = PBXBuildFile; fileRef = 2AAB791D1AEE8CFD00DA71A8 /* NSDate+TechD.m */; };
		2AAB792A1AEE8CFE00DA71A8 /* NSJSONSerialization+TechD.m in Sources */ = {isa = PBXBuildFile; fileRef = 2AAB791F1AEE8CFD00DA71A8 /* NSJSONSerialization+TechD.m */; };
		2AAB792B1AEE8CFE00DA71A8 /* NSJSONSerialization+TechD.m in Sources */ = {isa = PBXBuildFile; fileRef = 2AAB791F1AEE8CFD00DA71A8 /* NSJSONSerialization+TechD.m */; };
		2AAB792C1AEE8CFE00DA71A8 /* NSPropertyListSerialization+TechD.m in Sources */ = {isa = PBXBuildFile; fileRef = 2AAB79211AEE8CFD00DA71A8 /* NSPropertyListSerialization+TechD.m */; };
		2AAB792D1AEE8CFE00DA71A8 /* NSPropertyListSerialization+TechD.m in Sources */ = {isa = PBXBuildFile; fileRef = 2AAB79211AEE8CFD00DA71A8 /* NSPropertyListSerialization+TechD.m */; };
		2AAB792E1AEE8CFE00DA71A8 /* NSString+TechD.m in Sources */ = {isa = PBXBuildFile; fileRef = 2AAB79231AEE8CFD00DA71A8 /* NSString+TechD.m */; };
		2AAB792F1AEE8CFE00DA71A8 /* NSString+TechD.m in Sources */ = {isa = PBXBuildFile; fileRef = 2AAB79231AEE8CFD00DA71A8 /* NSString+TechD.m */; };
		2AAB79301AEE8CFE00DA71A8 /* LICENSE in Resources */ = {isa = PBXBuildFile; fileRef = 2AAB79241AEE8CFD00DA71A8 /* LICENSE */; };
		2AC3D3C11AAEFC83007CB19F /* TDNetworkReachabilityManager.m in Sources */ = {isa = PBXBuildFile; fileRef = 2AC3D3C01AAEFC83007CB19F /* TDNetworkReachabilityManager.m */; };
/* End PBXBuildFile section */

/* Begin PBXContainerItemProxy section */
		2AA3AB7D1AA629DC00A45D67 /* PBXContainerItemProxy */ = {
			isa = PBXContainerItemProxy;
			containerPortal = 2AA3AB681AA629DC00A45D67 /* Project object */;
			proxyType = 1;
			remoteGlobalIDString = 2AA3AB6F1AA629DC00A45D67;
			remoteInfo = TDDownloadManager;
		};
		2AAB78E61AEE877E00DA71A8 /* PBXContainerItemProxy */ = {
			isa = PBXContainerItemProxy;
			containerPortal = 2AA3AB681AA629DC00A45D67 /* Project object */;
			proxyType = 1;
			remoteGlobalIDString = 2AAB78CC1AEE877D00DA71A8;
			remoteInfo = DemoDownloadManager;
		};
/* End PBXContainerItemProxy section */

/* Begin PBXCopyFilesBuildPhase section */
		2AA3AB6E1AA629DC00A45D67 /* CopyFiles */ = {
			isa = PBXCopyFilesBuildPhase;
			buildActionMask = 2147483647;
			dstPath = "include/$(PRODUCT_NAME)";
			dstSubfolderSpec = 16;
			files = (
				2AA3AB741AA629DC00A45D67 /* TDDownloadManager.h in CopyFiles */,
			);
			runOnlyForDeploymentPostprocessing = 0;
		};
/* End PBXCopyFilesBuildPhase section */

/* Begin PBXFileReference section */
		2A8A59E81AD81EE0000CEA93 /* TDJSONReader.h */ = {isa = PBXFileReference; fileEncoding = 4; lastKnownFileType = sourcecode.c.h; path = TDJSONReader.h; sourceTree = "<group>"; };
		2A8A59E91AD81EE0000CEA93 /* TDJSONReader.m */ = {isa = PBXFileReference; fileEncoding = 4; lastKnownFileType = sourcecode.c.objc; path = TDJSONReader.m; sourceTree = "<group>"; };
		2A8A59EE1AD820F6000CEA93 /* TDPreUpdateJSONInfo.h */ = {isa = PBXFileReference; fileEncoding = 4; lastKnownFileType = sourcecode.c.h; path = TDPreUpdateJSONInfo.h; sourceTree = "<group>"; };
		2A8A59EF1AD820F6000CEA93 /* TDPreUpdateJSONInfo.m */ = {isa = PBXFileReference; fileEncoding = 4; lastKnownFileType = sourcecode.c.objc; path = TDPreUpdateJSONInfo.m; sourceTree = "<group>"; };
		2A8FDD1F1AB737A4006BD130 /* LICENSE */ = {isa = PBXFileReference; fileEncoding = 4; lastKnownFileType = text; path = LICENSE; sourceTree = "<group>"; };
		2A8FDD201AB737A4006BD130 /* README.md */ = {isa = PBXFileReference; fileEncoding = 4; lastKnownFileType = net.daringfireball.markdown; path = README.md; sourceTree = "<group>"; };
		2A8FDD221AB737A4006BD130 /* ARCMacros.h */ = {isa = PBXFileReference; fileEncoding = 4; lastKnownFileType = sourcecode.c.h; path = ARCMacros.h; sourceTree = "<group>"; };
		2A8FDD231AB737A4006BD130 /* TDFoundation.h */ = {isa = PBXFileReference; fileEncoding = 4; lastKnownFileType = sourcecode.c.h; path = TDFoundation.h; sourceTree = "<group>"; };
		2A8FDD241AB737A4006BD130 /* TDTexturePackerXMLReader.h */ = {isa = PBXFileReference; fileEncoding = 4; lastKnownFileType = sourcecode.c.h; path = TDTexturePackerXMLReader.h; sourceTree = "<group>"; };
		2A8FDD251AB737A4006BD130 /* TDTexturePackerXMLReader.m */ = {isa = PBXFileReference; fileEncoding = 4; lastKnownFileType = sourcecode.c.objc; path = TDTexturePackerXMLReader.m; sourceTree = "<group>"; };
		2A8FDD261AB737A4006BD130 /* TDUtilities.h */ = {isa = PBXFileReference; fileEncoding = 4; lastKnownFileType = sourcecode.c.h; path = TDUtilities.h; sourceTree = "<group>"; };
		2A8FDD271AB737A4006BD130 /* TDUtilities.m */ = {isa = PBXFileReference; fileEncoding = 4; lastKnownFileType = sourcecode.c.objc; path = TDUtilities.m; sourceTree = "<group>"; };
		2A9B92401AC2BBD00044CC8A /* TDPreUpdateProcedure.h */ = {isa = PBXFileReference; fileEncoding = 4; lastKnownFileType = sourcecode.c.h; path = TDPreUpdateProcedure.h; sourceTree = "<group>"; };
		2A9B92411AC2BBD00044CC8A /* TDPreUpdateProcedure.m */ = {isa = PBXFileReference; fileEncoding = 4; lastKnownFileType = sourcecode.c.objc; path = TDPreUpdateProcedure.m; sourceTree = "<group>"; };
		2AA3AB701AA629DC00A45D67 /* libTDDownloadManager.a */ = {isa = PBXFileReference; explicitFileType = archive.ar; includeInIndex = 0; path = libTDDownloadManager.a; sourceTree = BUILT_PRODUCTS_DIR; };
		2AA3AB731AA629DC00A45D67 /* TDDownloadManager.h */ = {isa = PBXFileReference; lastKnownFileType = sourcecode.c.h; path = TDDownloadManager.h; sourceTree = "<group>"; };
		2AA3AB751AA629DC00A45D67 /* TDDownloadManager.m */ = {isa = PBXFileReference; lastKnownFileType = sourcecode.c.objc; path = TDDownloadManager.m; sourceTree = "<group>"; };
		2AA3AB7B1AA629DC00A45D67 /* TDDownloadManagerTests.xctest */ = {isa = PBXFileReference; explicitFileType = wrapper.cfbundle; includeInIndex = 0; path = TDDownloadManagerTests.xctest; sourceTree = BUILT_PRODUCTS_DIR; };
		2AA3AB811AA629DC00A45D67 /* Info.plist */ = {isa = PBXFileReference; lastKnownFileType = text.plist.xml; path = Info.plist; sourceTree = "<group>"; };
		2AA3AB8C1AA6332200A45D67 /* AFHTTPRequestOperation.h */ = {isa = PBXFileReference; fileEncoding = 4; lastKnownFileType = sourcecode.c.h; path = AFHTTPRequestOperation.h; sourceTree = "<group>"; };
		2AA3AB8D1AA6332200A45D67 /* AFHTTPRequestOperation.m */ = {isa = PBXFileReference; fileEncoding = 4; lastKnownFileType = sourcecode.c.objc; path = AFHTTPRequestOperation.m; sourceTree = "<group>"; };
		2AA3AB8E1AA6332200A45D67 /* AFHTTPRequestOperationManager.h */ = {isa = PBXFileReference; fileEncoding = 4; lastKnownFileType = sourcecode.c.h; path = AFHTTPRequestOperationManager.h; sourceTree = "<group>"; };
		2AA3AB8F1AA6332200A45D67 /* AFHTTPRequestOperationManager.m */ = {isa = PBXFileReference; fileEncoding = 4; lastKnownFileType = sourcecode.c.objc; path = AFHTTPRequestOperationManager.m; sourceTree = "<group>"; };
		2AA3AB901AA6332200A45D67 /* AFHTTPSessionManager.h */ = {isa = PBXFileReference; fileEncoding = 4; lastKnownFileType = sourcecode.c.h; path = AFHTTPSessionManager.h; sourceTree = "<group>"; };
		2AA3AB911AA6332200A45D67 /* AFHTTPSessionManager.m */ = {isa = PBXFileReference; fileEncoding = 4; lastKnownFileType = sourcecode.c.objc; path = AFHTTPSessionManager.m; sourceTree = "<group>"; };
		2AA3AB921AA6332200A45D67 /* AFNetworking.h */ = {isa = PBXFileReference; fileEncoding = 4; lastKnownFileType = sourcecode.c.h; path = AFNetworking.h; sourceTree = "<group>"; };
		2AA3AB931AA6332200A45D67 /* AFNetworkReachabilityManager.h */ = {isa = PBXFileReference; fileEncoding = 4; lastKnownFileType = sourcecode.c.h; path = AFNetworkReachabilityManager.h; sourceTree = "<group>"; };
		2AA3AB941AA6332200A45D67 /* AFNetworkReachabilityManager.m */ = {isa = PBXFileReference; fileEncoding = 4; lastKnownFileType = sourcecode.c.objc; path = AFNetworkReachabilityManager.m; sourceTree = "<group>"; };
		2AA3AB951AA6332200A45D67 /* AFSecurityPolicy.h */ = {isa = PBXFileReference; fileEncoding = 4; lastKnownFileType = sourcecode.c.h; path = AFSecurityPolicy.h; sourceTree = "<group>"; };
		2AA3AB961AA6332200A45D67 /* AFSecurityPolicy.m */ = {isa = PBXFileReference; fileEncoding = 4; lastKnownFileType = sourcecode.c.objc; path = AFSecurityPolicy.m; sourceTree = "<group>"; };
		2AA3AB971AA6332200A45D67 /* AFURLConnectionOperation.h */ = {isa = PBXFileReference; fileEncoding = 4; lastKnownFileType = sourcecode.c.h; path = AFURLConnectionOperation.h; sourceTree = "<group>"; };
		2AA3AB981AA6332200A45D67 /* AFURLConnectionOperation.m */ = {isa = PBXFileReference; fileEncoding = 4; lastKnownFileType = sourcecode.c.objc; path = AFURLConnectionOperation.m; sourceTree = "<group>"; };
		2AA3AB991AA6332200A45D67 /* AFURLRequestSerialization.h */ = {isa = PBXFileReference; fileEncoding = 4; lastKnownFileType = sourcecode.c.h; path = AFURLRequestSerialization.h; sourceTree = "<group>"; };
		2AA3AB9A1AA6332200A45D67 /* AFURLRequestSerialization.m */ = {isa = PBXFileReference; fileEncoding = 4; lastKnownFileType = sourcecode.c.objc; path = AFURLRequestSerialization.m; sourceTree = "<group>"; };
		2AA3AB9B1AA6332200A45D67 /* AFURLResponseSerialization.h */ = {isa = PBXFileReference; fileEncoding = 4; lastKnownFileType = sourcecode.c.h; path = AFURLResponseSerialization.h; sourceTree = "<group>"; };
		2AA3AB9C1AA6332200A45D67 /* AFURLResponseSerialization.m */ = {isa = PBXFileReference; fileEncoding = 4; lastKnownFileType = sourcecode.c.objc; path = AFURLResponseSerialization.m; sourceTree = "<group>"; };
		2AA3AB9D1AA6332200A45D67 /* AFURLSessionManager.h */ = {isa = PBXFileReference; fileEncoding = 4; lastKnownFileType = sourcecode.c.h; path = AFURLSessionManager.h; sourceTree = "<group>"; };
		2AA3AB9E1AA6332200A45D67 /* AFURLSessionManager.m */ = {isa = PBXFileReference; fileEncoding = 4; lastKnownFileType = sourcecode.c.objc; path = AFURLSessionManager.m; sourceTree = "<group>"; };
		2AA3AB9F1AA6332200A45D67 /* LICENSE */ = {isa = PBXFileReference; fileEncoding = 4; lastKnownFileType = text; name = LICENSE; path = Libraries/AFNetworking/LICENSE; sourceTree = "<group>"; };
		2AA3ABA01AA6332200A45D67 /* README.md */ = {isa = PBXFileReference; fileEncoding = 4; lastKnownFileType = net.daringfireball.markdown; name = README.md; path = Libraries/AFNetworking/README.md; sourceTree = "<group>"; };
		2AA3ABA21AA6332200A45D67 /* AFNetworkActivityIndicatorManager.h */ = {isa = PBXFileReference; fileEncoding = 4; lastKnownFileType = sourcecode.c.h; path = AFNetworkActivityIndicatorManager.h; sourceTree = "<group>"; };
		2AA3ABA31AA6332200A45D67 /* AFNetworkActivityIndicatorManager.m */ = {isa = PBXFileReference; fileEncoding = 4; lastKnownFileType = sourcecode.c.objc; path = AFNetworkActivityIndicatorManager.m; sourceTree = "<group>"; };
		2AA3ABA41AA6332200A45D67 /* UIActivityIndicatorView+AFNetworking.h */ = {isa = PBXFileReference; fileEncoding = 4; lastKnownFileType = sourcecode.c.h; path = "UIActivityIndicatorView+AFNetworking.h"; sourceTree = "<group>"; };
		2AA3ABA51AA6332200A45D67 /* UIActivityIndicatorView+AFNetworking.m */ = {isa = PBXFileReference; fileEncoding = 4; lastKnownFileType = sourcecode.c.objc; path = "UIActivityIndicatorView+AFNetworking.m"; sourceTree = "<group>"; };
		2AA3ABA61AA6332200A45D67 /* UIAlertView+AFNetworking.h */ = {isa = PBXFileReference; fileEncoding = 4; lastKnownFileType = sourcecode.c.h; path = "UIAlertView+AFNetworking.h"; sourceTree = "<group>"; };
		2AA3ABA71AA6332200A45D67 /* UIAlertView+AFNetworking.m */ = {isa = PBXFileReference; fileEncoding = 4; lastKnownFileType = sourcecode.c.objc; path = "UIAlertView+AFNetworking.m"; sourceTree = "<group>"; };
		2AA3ABA81AA6332200A45D67 /* UIButton+AFNetworking.h */ = {isa = PBXFileReference; fileEncoding = 4; lastKnownFileType = sourcecode.c.h; path = "UIButton+AFNetworking.h"; sourceTree = "<group>"; };
		2AA3ABA91AA6332200A45D67 /* UIButton+AFNetworking.m */ = {isa = PBXFileReference; fileEncoding = 4; lastKnownFileType = sourcecode.c.objc; path = "UIButton+AFNetworking.m"; sourceTree = "<group>"; };
		2AA3ABAA1AA6332200A45D67 /* UIImageView+AFNetworking.h */ = {isa = PBXFileReference; fileEncoding = 4; lastKnownFileType = sourcecode.c.h; path = "UIImageView+AFNetworking.h"; sourceTree = "<group>"; };
		2AA3ABAB1AA6332200A45D67 /* UIImageView+AFNetworking.m */ = {isa = PBXFileReference; fileEncoding = 4; lastKnownFileType = sourcecode.c.objc; path = "UIImageView+AFNetworking.m"; sourceTree = "<group>"; };
		2AA3ABAC1AA6332200A45D67 /* UIKit+AFNetworking.h */ = {isa = PBXFileReference; fileEncoding = 4; lastKnownFileType = sourcecode.c.h; path = "UIKit+AFNetworking.h"; sourceTree = "<group>"; };
		2AA3ABAD1AA6332200A45D67 /* UIProgressView+AFNetworking.h */ = {isa = PBXFileReference; fileEncoding = 4; lastKnownFileType = sourcecode.c.h; path = "UIProgressView+AFNetworking.h"; sourceTree = "<group>"; };
		2AA3ABAE1AA6332200A45D67 /* UIProgressView+AFNetworking.m */ = {isa = PBXFileReference; fileEncoding = 4; lastKnownFileType = sourcecode.c.objc; path = "UIProgressView+AFNetworking.m"; sourceTree = "<group>"; };
		2AA3ABAF1AA6332200A45D67 /* UIRefreshControl+AFNetworking.h */ = {isa = PBXFileReference; fileEncoding = 4; lastKnownFileType = sourcecode.c.h; path = "UIRefreshControl+AFNetworking.h"; sourceTree = "<group>"; };
		2AA3ABB01AA6332200A45D67 /* UIRefreshControl+AFNetworking.m */ = {isa = PBXFileReference; fileEncoding = 4; lastKnownFileType = sourcecode.c.objc; path = "UIRefreshControl+AFNetworking.m"; sourceTree = "<group>"; };
		2AA3ABB11AA6332200A45D67 /* UIWebView+AFNetworking.h */ = {isa = PBXFileReference; fileEncoding = 4; lastKnownFileType = sourcecode.c.h; path = "UIWebView+AFNetworking.h"; sourceTree = "<group>"; };
		2AA3ABB21AA6332200A45D67 /* UIWebView+AFNetworking.m */ = {isa = PBXFileReference; fileEncoding = 4; lastKnownFileType = sourcecode.c.objc; path = "UIWebView+AFNetworking.m"; sourceTree = "<group>"; };
		2AAB78CD1AEE877D00DA71A8 /* DemoDownloadManager.app */ = {isa = PBXFileReference; explicitFileType = wrapper.application; includeInIndex = 0; path = DemoDownloadManager.app; sourceTree = BUILT_PRODUCTS_DIR; };
		2AAB78D01AEE877D00DA71A8 /* Info.plist */ = {isa = PBXFileReference; lastKnownFileType = text.plist.xml; path = Info.plist; sourceTree = "<group>"; };
		2AAB78D11AEE877D00DA71A8 /* main.m */ = {isa = PBXFileReference; lastKnownFileType = sourcecode.c.objc; path = main.m; sourceTree = "<group>"; };
		2AAB78D31AEE877D00DA71A8 /* AppDelegate.h */ = {isa = PBXFileReference; lastKnownFileType = sourcecode.c.h; path = AppDelegate.h; sourceTree = "<group>"; };
		2AAB78D41AEE877D00DA71A8 /* AppDelegate.m */ = {isa = PBXFileReference; lastKnownFileType = sourcecode.c.objc; path = AppDelegate.m; sourceTree = "<group>"; };
		2AAB78E51AEE877E00DA71A8 /* DemoDownloadManagerTests.xctest */ = {isa = PBXFileReference; explicitFileType = wrapper.cfbundle; includeInIndex = 0; path = DemoDownloadManagerTests.xctest; sourceTree = BUILT_PRODUCTS_DIR; };
		2AAB78EA1AEE877E00DA71A8 /* Info.plist */ = {isa = PBXFileReference; lastKnownFileType = text.plist.xml; path = Info.plist; sourceTree = "<group>"; };
		2AAB78EB1AEE877E00DA71A8 /* DemoDownloadManagerTests.m */ = {isa = PBXFileReference; lastKnownFileType = sourcecode.c.objc; path = DemoDownloadManagerTests.m; sourceTree = "<group>"; };
		2AAB78F31AEE895200DA71A8 /* TableViewController.h */ = {isa = PBXFileReference; fileEncoding = 4; lastKnownFileType = sourcecode.c.h; path = TableViewController.h; sourceTree = "<group>"; };
		2AAB78F41AEE895200DA71A8 /* TableViewController.m */ = {isa = PBXFileReference; fileEncoding = 4; lastKnownFileType = sourcecode.c.objc; path = TableViewController.m; sourceTree = "<group>"; };
		2AAB79191AEE8CFD00DA71A8 /* Foundation+TechD.h */ = {isa = PBXFileReference; fileEncoding = 4; lastKnownFileType = sourcecode.c.h; path = "Foundation+TechD.h"; sourceTree = "<group>"; };
		2AAB791A1AEE8CFD00DA71A8 /* NSBundle+TechD.h */ = {isa = PBXFileReference; fileEncoding = 4; lastKnownFileType = sourcecode.c.h; path = "NSBundle+TechD.h"; sourceTree = "<group>"; };
		2AAB791B1AEE8CFD00DA71A8 /* NSBundle+TechD.m */ = {isa = PBXFileReference; fileEncoding = 4; lastKnownFileType = sourcecode.c.objc; path = "NSBundle+TechD.m"; sourceTree = "<group>"; };
		2AAB791C1AEE8CFD00DA71A8 /* NSDate+TechD.h */ = {isa = PBXFileReference; fileEncoding = 4; lastKnownFileType = sourcecode.c.h; path = "NSDate+TechD.h"; sourceTree = "<group>"; };
		2AAB791D1AEE8CFD00DA71A8 /* NSDate+TechD.m */ = {isa = PBXFileReference; fileEncoding = 4; lastKnownFileType = sourcecode.c.objc; path = "NSDate+TechD.m"; sourceTree = "<group>"; };
		2AAB791E1AEE8CFD00DA71A8 /* NSJSONSerialization+TechD.h */ = {isa = PBXFileReference; fileEncoding = 4; lastKnownFileType = sourcecode.c.h; path = "NSJSONSerialization+TechD.h"; sourceTree = "<group>"; };
		2AAB791F1AEE8CFD00DA71A8 /* NSJSONSerialization+TechD.m */ = {isa = PBXFileReference; fileEncoding = 4; lastKnownFileType = sourcecode.c.objc; path = "NSJSONSerialization+TechD.m"; sourceTree = "<group>"; };
		2AAB79201AEE8CFD00DA71A8 /* NSPropertyListSerialization+TechD.h */ = {isa = PBXFileReference; fileEncoding = 4; lastKnownFileType = sourcecode.c.h; path = "NSPropertyListSerialization+TechD.h"; sourceTree = "<group>"; };
		2AAB79211AEE8CFD00DA71A8 /* NSPropertyListSerialization+TechD.m */ = {isa = PBXFileReference; fileEncoding = 4; lastKnownFileType = sourcecode.c.objc; path = "NSPropertyListSerialization+TechD.m"; sourceTree = "<group>"; };
		2AAB79221AEE8CFD00DA71A8 /* NSString+TechD.h */ = {isa = PBXFileReference; fileEncoding = 4; lastKnownFileType = sourcecode.c.h; path = "NSString+TechD.h"; sourceTree = "<group>"; };
		2AAB79231AEE8CFD00DA71A8 /* NSString+TechD.m */ = {isa = PBXFileReference; fileEncoding = 4; lastKnownFileType = sourcecode.c.objc; path = "NSString+TechD.m"; sourceTree = "<group>"; };
		2AAB79241AEE8CFD00DA71A8 /* LICENSE */ = {isa = PBXFileReference; fileEncoding = 4; lastKnownFileType = text; path = LICENSE; sourceTree = "<group>"; };
		2AAB79251AEE8CFD00DA71A8 /* README.md */ = {isa = PBXFileReference; fileEncoding = 4; lastKnownFileType = net.daringfireball.markdown; path = README.md; sourceTree = "<group>"; };
		2AC3D3BF1AAEFC83007CB19F /* TDNetworkReachabilityManager.h */ = {isa = PBXFileReference; fileEncoding = 4; lastKnownFileType = sourcecode.c.h; path = TDNetworkReachabilityManager.h; sourceTree = "<group>"; };
		2AC3D3C01AAEFC83007CB19F /* TDNetworkReachabilityManager.m */ = {isa = PBXFileReference; fileEncoding = 4; lastKnownFileType = sourcecode.c.objc; path = TDNetworkReachabilityManager.m; sourceTree = "<group>"; };
/* End PBXFileReference section */

/* Begin PBXFrameworksBuildPhase section */
		2AA3AB6D1AA629DC00A45D67 /* Frameworks */ = {
			isa = PBXFrameworksBuildPhase;
			buildActionMask = 2147483647;
			files = (
			);
			runOnlyForDeploymentPostprocessing = 0;
		};
		2AA3AB781AA629DC00A45D67 /* Frameworks */ = {
			isa = PBXFrameworksBuildPhase;
			buildActionMask = 2147483647;
			files = (
				2AA3AB7C1AA629DC00A45D67 /* libTDDownloadManager.a in Frameworks */,
			);
			runOnlyForDeploymentPostprocessing = 0;
		};
		2AAB78CA1AEE877D00DA71A8 /* Frameworks */ = {
			isa = PBXFrameworksBuildPhase;
			buildActionMask = 2147483647;
			files = (
			);
			runOnlyForDeploymentPostprocessing = 0;
		};
		2AAB78E21AEE877E00DA71A8 /* Frameworks */ = {
			isa = PBXFrameworksBuildPhase;
			buildActionMask = 2147483647;
			files = (
			);
			runOnlyForDeploymentPostprocessing = 0;
		};
/* End PBXFrameworksBuildPhase section */

/* Begin PBXGroup section */
		2A8FDD1D1AB73752006BD130 /* AFNetworking */ = {
			isa = PBXGroup;
			children = (
				2AA3ABA11AA6332200A45D67 /* UIKit+AFNetworking */,
				2AA3AB8B1AA6332200A45D67 /* AFNetworking */,
				2AA3AB9F1AA6332200A45D67 /* LICENSE */,
				2AA3ABA01AA6332200A45D67 /* README.md */,
			);
			name = AFNetworking;
			sourceTree = "<group>";
		};
		2A8FDD1E1AB737A4006BD130 /* TDFoundation */ = {
			isa = PBXGroup;
			children = (
				2A8FDD1F1AB737A4006BD130 /* LICENSE */,
				2A8FDD201AB737A4006BD130 /* README.md */,
				2A8FDD211AB737A4006BD130 /* TDFoundation */,
			);
			name = TDFoundation;
			path = Libraries/TDFoundation;
			sourceTree = "<group>";
		};
		2A8FDD211AB737A4006BD130 /* TDFoundation */ = {
			isa = PBXGroup;
			children = (
				2A8FDD221AB737A4006BD130 /* ARCMacros.h */,
				2A8FDD231AB737A4006BD130 /* TDFoundation.h */,
				2A8FDD261AB737A4006BD130 /* TDUtilities.h */,
				2A8FDD271AB737A4006BD130 /* TDUtilities.m */,
				2A8FDD241AB737A4006BD130 /* TDTexturePackerXMLReader.h */,
				2A8FDD251AB737A4006BD130 /* TDTexturePackerXMLReader.m */,
				2A8A59E81AD81EE0000CEA93 /* TDJSONReader.h */,
				2A8A59E91AD81EE0000CEA93 /* TDJSONReader.m */,
			);
			path = TDFoundation;
			sourceTree = "<group>";
		};
		2AA3AB671AA629DC00A45D67 = {
			isa = PBXGroup;
			children = (
				2AA3AB721AA629DC00A45D67 /* TDDownloadManager */,
				2AA3AB7F1AA629DC00A45D67 /* TDDownloadManagerTests */,
				2AAB78CE1AEE877D00DA71A8 /* DemoDownloadManager */,
				2AAB78E81AEE877E00DA71A8 /* DemoDownloadManagerTests */,
				2AA3AB8A1AA632B200A45D67 /* Libraries */,
				2AA3AB711AA629DC00A45D67 /* Products */,
			);
			sourceTree = "<group>";
		};
		2AA3AB711AA629DC00A45D67 /* Products */ = {
			isa = PBXGroup;
			children = (
				2AA3AB701AA629DC00A45D67 /* libTDDownloadManager.a */,
				2AA3AB7B1AA629DC00A45D67 /* TDDownloadManagerTests.xctest */,
				2AAB78CD1AEE877D00DA71A8 /* DemoDownloadManager.app */,
				2AAB78E51AEE877E00DA71A8 /* DemoDownloadManagerTests.xctest */,
			);
			name = Products;
			sourceTree = "<group>";
		};
		2AA3AB721AA629DC00A45D67 /* TDDownloadManager */ = {
			isa = PBXGroup;
			children = (
				2AC3D3BF1AAEFC83007CB19F /* TDNetworkReachabilityManager.h */,
				2AC3D3C01AAEFC83007CB19F /* TDNetworkReachabilityManager.m */,
				2AA3AB731AA629DC00A45D67 /* TDDownloadManager.h */,
				2AA3AB751AA629DC00A45D67 /* TDDownloadManager.m */,
				2A9B92401AC2BBD00044CC8A /* TDPreUpdateProcedure.h */,
				2A9B92411AC2BBD00044CC8A /* TDPreUpdateProcedure.m */,
				2A8A59EE1AD820F6000CEA93 /* TDPreUpdateJSONInfo.h */,
				2A8A59EF1AD820F6000CEA93 /* TDPreUpdateJSONInfo.m */,
			);
			path = TDDownloadManager;
			sourceTree = "<group>";
		};
		2AA3AB7F1AA629DC00A45D67 /* TDDownloadManagerTests */ = {
			isa = PBXGroup;
			children = (
				2AA3AB801AA629DC00A45D67 /* Supporting Files */,
			);
			path = TDDownloadManagerTests;
			sourceTree = "<group>";
		};
		2AA3AB801AA629DC00A45D67 /* Supporting Files */ = {
			isa = PBXGroup;
			children = (
				2AA3AB811AA629DC00A45D67 /* Info.plist */,
			);
			name = "Supporting Files";
			sourceTree = "<group>";
		};
		2AA3AB8A1AA632B200A45D67 /* Libraries */ = {
			isa = PBXGroup;
			children = (
				2A8FDD1D1AB73752006BD130 /* AFNetworking */,
				2AAB79171AEE8CFD00DA71A8 /* Foundation+TechD */,
				2A8FDD1E1AB737A4006BD130 /* TDFoundation */,
			);
			name = Libraries;
			sourceTree = "<group>";
		};
		2AA3AB8B1AA6332200A45D67 /* AFNetworking */ = {
			isa = PBXGroup;
			children = (
				2AA3AB8C1AA6332200A45D67 /* AFHTTPRequestOperation.h */,
				2AA3AB8D1AA6332200A45D67 /* AFHTTPRequestOperation.m */,
				2AA3AB8E1AA6332200A45D67 /* AFHTTPRequestOperationManager.h */,
				2AA3AB8F1AA6332200A45D67 /* AFHTTPRequestOperationManager.m */,
				2AA3AB901AA6332200A45D67 /* AFHTTPSessionManager.h */,
				2AA3AB911AA6332200A45D67 /* AFHTTPSessionManager.m */,
				2AA3AB921AA6332200A45D67 /* AFNetworking.h */,
				2AA3AB931AA6332200A45D67 /* AFNetworkReachabilityManager.h */,
				2AA3AB941AA6332200A45D67 /* AFNetworkReachabilityManager.m */,
				2AA3AB951AA6332200A45D67 /* AFSecurityPolicy.h */,
				2AA3AB961AA6332200A45D67 /* AFSecurityPolicy.m */,
				2AA3AB971AA6332200A45D67 /* AFURLConnectionOperation.h */,
				2AA3AB981AA6332200A45D67 /* AFURLConnectionOperation.m */,
				2AA3AB991AA6332200A45D67 /* AFURLRequestSerialization.h */,
				2AA3AB9A1AA6332200A45D67 /* AFURLRequestSerialization.m */,
				2AA3AB9B1AA6332200A45D67 /* AFURLResponseSerialization.h */,
				2AA3AB9C1AA6332200A45D67 /* AFURLResponseSerialization.m */,
				2AA3AB9D1AA6332200A45D67 /* AFURLSessionManager.h */,
				2AA3AB9E1AA6332200A45D67 /* AFURLSessionManager.m */,
			);
			name = AFNetworking;
			path = Libraries/AFNetworking/AFNetworking;
			sourceTree = "<group>";
		};
		2AA3ABA11AA6332200A45D67 /* UIKit+AFNetworking */ = {
			isa = PBXGroup;
			children = (
				2AA3ABA21AA6332200A45D67 /* AFNetworkActivityIndicatorManager.h */,
				2AA3ABA31AA6332200A45D67 /* AFNetworkActivityIndicatorManager.m */,
				2AA3ABA41AA6332200A45D67 /* UIActivityIndicatorView+AFNetworking.h */,
				2AA3ABA51AA6332200A45D67 /* UIActivityIndicatorView+AFNetworking.m */,
				2AA3ABA61AA6332200A45D67 /* UIAlertView+AFNetworking.h */,
				2AA3ABA71AA6332200A45D67 /* UIAlertView+AFNetworking.m */,
				2AA3ABA81AA6332200A45D67 /* UIButton+AFNetworking.h */,
				2AA3ABA91AA6332200A45D67 /* UIButton+AFNetworking.m */,
				2AA3ABAA1AA6332200A45D67 /* UIImageView+AFNetworking.h */,
				2AA3ABAB1AA6332200A45D67 /* UIImageView+AFNetworking.m */,
				2AA3ABAC1AA6332200A45D67 /* UIKit+AFNetworking.h */,
				2AA3ABAD1AA6332200A45D67 /* UIProgressView+AFNetworking.h */,
				2AA3ABAE1AA6332200A45D67 /* UIProgressView+AFNetworking.m */,
				2AA3ABAF1AA6332200A45D67 /* UIRefreshControl+AFNetworking.h */,
				2AA3ABB01AA6332200A45D67 /* UIRefreshControl+AFNetworking.m */,
				2AA3ABB11AA6332200A45D67 /* UIWebView+AFNetworking.h */,
				2AA3ABB21AA6332200A45D67 /* UIWebView+AFNetworking.m */,
			);
			name = "UIKit+AFNetworking";
			path = "Libraries/AFNetworking/UIKit+AFNetworking";
			sourceTree = "<group>";
		};
		2AAB78CE1AEE877D00DA71A8 /* DemoDownloadManager */ = {
			isa = PBXGroup;
			children = (
				2AAB78D31AEE877D00DA71A8 /* AppDelegate.h */,
				2AAB78D41AEE877D00DA71A8 /* AppDelegate.m */,
				2AAB78F31AEE895200DA71A8 /* TableViewController.h */,
				2AAB78F41AEE895200DA71A8 /* TableViewController.m */,
				2AAB78CF1AEE877D00DA71A8 /* Supporting Files */,
			);
			path = DemoDownloadManager;
			sourceTree = "<group>";
		};
		2AAB78CF1AEE877D00DA71A8 /* Supporting Files */ = {
			isa = PBXGroup;
			children = (
				2AAB78D01AEE877D00DA71A8 /* Info.plist */,
				2AAB78D11AEE877D00DA71A8 /* main.m */,
			);
			name = "Supporting Files";
			sourceTree = "<group>";
		};
		2AAB78E81AEE877E00DA71A8 /* DemoDownloadManagerTests */ = {
			isa = PBXGroup;
			children = (
				2AAB78EB1AEE877E00DA71A8 /* DemoDownloadManagerTests.m */,
				2AAB78E91AEE877E00DA71A8 /* Supporting Files */,
			);
			path = DemoDownloadManagerTests;
			sourceTree = "<group>";
		};
		2AAB78E91AEE877E00DA71A8 /* Supporting Files */ = {
			isa = PBXGroup;
			children = (
				2AAB78EA1AEE877E00DA71A8 /* Info.plist */,
			);
			name = "Supporting Files";
			sourceTree = "<group>";
		};
		2AAB79171AEE8CFD00DA71A8 /* Foundation+TechD */ = {
			isa = PBXGroup;
			children = (
				2AAB79181AEE8CFD00DA71A8 /* Foundation+TechD */,
				2AAB79241AEE8CFD00DA71A8 /* LICENSE */,
				2AAB79251AEE8CFD00DA71A8 /* README.md */,
			);
			name = "Foundation+TechD";
			path = "Libraries/Foundation+TechD";
			sourceTree = "<group>";
		};
		2AAB79181AEE8CFD00DA71A8 /* Foundation+TechD */ = {
			isa = PBXGroup;
			children = (
				2AAB79191AEE8CFD00DA71A8 /* Foundation+TechD.h */,
				2AAB79221AEE8CFD00DA71A8 /* NSString+TechD.h */,
				2AAB79231AEE8CFD00DA71A8 /* NSString+TechD.m */,
				2AAB791C1AEE8CFD00DA71A8 /* NSDate+TechD.h */,
				2AAB791D1AEE8CFD00DA71A8 /* NSDate+TechD.m */,
				2AAB791A1AEE8CFD00DA71A8 /* NSBundle+TechD.h */,
				2AAB791B1AEE8CFD00DA71A8 /* NSBundle+TechD.m */,
				2AAB791E1AEE8CFD00DA71A8 /* NSJSONSerialization+TechD.h */,
				2AAB791F1AEE8CFD00DA71A8 /* NSJSONSerialization+TechD.m */,
				2AAB79201AEE8CFD00DA71A8 /* NSPropertyListSerialization+TechD.h */,
				2AAB79211AEE8CFD00DA71A8 /* NSPropertyListSerialization+TechD.m */,
			);
			path = "Foundation+TechD";
			sourceTree = "<group>";
		};
/* End PBXGroup section */

/* Begin PBXNativeTarget section */
		2AA3AB6F1AA629DC00A45D67 /* TDDownloadManager */ = {
			isa = PBXNativeTarget;
			buildConfigurationList = 2AA3AB841AA629DC00A45D67 /* Build configuration list for PBXNativeTarget "TDDownloadManager" */;
			buildPhases = (
				2AA3AB6C1AA629DC00A45D67 /* Sources */,
				2AA3AB6D1AA629DC00A45D67 /* Frameworks */,
				2AA3AB6E1AA629DC00A45D67 /* CopyFiles */,
			);
			buildRules = (
			);
			dependencies = (
			);
			name = TDDownloadManager;
			productName = TDDownloadManager;
			productReference = 2AA3AB701AA629DC00A45D67 /* libTDDownloadManager.a */;
			productType = "com.apple.product-type.library.static";
		};
		2AA3AB7A1AA629DC00A45D67 /* TDDownloadManagerTests */ = {
			isa = PBXNativeTarget;
			buildConfigurationList = 2AA3AB871AA629DC00A45D67 /* Build configuration list for PBXNativeTarget "TDDownloadManagerTests" */;
			buildPhases = (
				2AA3AB771AA629DC00A45D67 /* Sources */,
				2AA3AB781AA629DC00A45D67 /* Frameworks */,
				2AA3AB791AA629DC00A45D67 /* Resources */,
			);
			buildRules = (
			);
			dependencies = (
				2AA3AB7E1AA629DC00A45D67 /* PBXTargetDependency */,
			);
			name = TDDownloadManagerTests;
			productName = TDDownloadManagerTests;
			productReference = 2AA3AB7B1AA629DC00A45D67 /* TDDownloadManagerTests.xctest */;
			productType = "com.apple.product-type.bundle.unit-test";
		};
		2AAB78CC1AEE877D00DA71A8 /* DemoDownloadManager */ = {
			isa = PBXNativeTarget;
			buildConfigurationList = 2AAB78ED1AEE877E00DA71A8 /* Build configuration list for PBXNativeTarget "DemoDownloadManager" */;
			buildPhases = (
				2AAB78C91AEE877D00DA71A8 /* Sources */,
				2AAB78CA1AEE877D00DA71A8 /* Frameworks */,
				2AAB78CB1AEE877D00DA71A8 /* Resources */,
			);
			buildRules = (
			);
			dependencies = (
			);
			name = DemoDownloadManager;
			productName = DemoDownloadManager;
			productReference = 2AAB78CD1AEE877D00DA71A8 /* DemoDownloadManager.app */;
			productType = "com.apple.product-type.application";
		};
		2AAB78E41AEE877E00DA71A8 /* DemoDownloadManagerTests */ = {
			isa = PBXNativeTarget;
			buildConfigurationList = 2AAB78F01AEE877E00DA71A8 /* Build configuration list for PBXNativeTarget "DemoDownloadManagerTests" */;
			buildPhases = (
				2AAB78E11AEE877E00DA71A8 /* Sources */,
				2AAB78E21AEE877E00DA71A8 /* Frameworks */,
				2AAB78E31AEE877E00DA71A8 /* Resources */,
			);
			buildRules = (
			);
			dependencies = (
				2AAB78E71AEE877E00DA71A8 /* PBXTargetDependency */,
			);
			name = DemoDownloadManagerTests;
			productName = DemoDownloadManagerTests;
			productReference = 2AAB78E51AEE877E00DA71A8 /* DemoDownloadManagerTests.xctest */;
			productType = "com.apple.product-type.bundle.unit-test";
		};
/* End PBXNativeTarget section */

/* Begin PBXProject section */
		2AA3AB681AA629DC00A45D67 /* Project object */ = {
			isa = PBXProject;
			attributes = {
				LastUpgradeCheck = 0610;
				ORGANIZATIONNAME = TechD;
				TargetAttributes = {
					2AA3AB6F1AA629DC00A45D67 = {
						CreatedOnToolsVersion = 6.1.1;
					};
					2AA3AB7A1AA629DC00A45D67 = {
						CreatedOnToolsVersion = 6.1.1;
					};
					2AAB78CC1AEE877D00DA71A8 = {
						CreatedOnToolsVersion = 6.3.1;
					};
					2AAB78E41AEE877E00DA71A8 = {
						CreatedOnToolsVersion = 6.3.1;
						TestTargetID = 2AAB78CC1AEE877D00DA71A8;
					};
				};
			};
			buildConfigurationList = 2AA3AB6B1AA629DC00A45D67 /* Build configuration list for PBXProject "TDDownloadManager" */;
			compatibilityVersion = "Xcode 3.2";
			developmentRegion = English;
			hasScannedForEncodings = 0;
			knownRegions = (
				en,
				Base,
			);
			mainGroup = 2AA3AB671AA629DC00A45D67;
			productRefGroup = 2AA3AB711AA629DC00A45D67 /* Products */;
			projectDirPath = "";
			projectRoot = "";
			targets = (
				2AA3AB6F1AA629DC00A45D67 /* TDDownloadManager */,
				2AA3AB7A1AA629DC00A45D67 /* TDDownloadManagerTests */,
				2AAB78CC1AEE877D00DA71A8 /* DemoDownloadManager */,
				2AAB78E41AEE877E00DA71A8 /* DemoDownloadManagerTests */,
			);
		};
/* End PBXProject section */

/* Begin PBXResourcesBuildPhase section */
		2AA3AB791AA629DC00A45D67 /* Resources */ = {
			isa = PBXResourcesBuildPhase;
			buildActionMask = 2147483647;
			files = (
			);
			runOnlyForDeploymentPostprocessing = 0;
		};
		2AAB78CB1AEE877D00DA71A8 /* Resources */ = {
			isa = PBXResourcesBuildPhase;
			buildActionMask = 2147483647;
			files = (
				2AAB79301AEE8CFE00DA71A8 /* LICENSE in Resources */,
			);
			runOnlyForDeploymentPostprocessing = 0;
		};
		2AAB78E31AEE877E00DA71A8 /* Resources */ = {
			isa = PBXResourcesBuildPhase;
			buildActionMask = 2147483647;
			files = (
			);
			runOnlyForDeploymentPostprocessing = 0;
		};
/* End PBXResourcesBuildPhase section */

/* Begin PBXSourcesBuildPhase section */
		2AA3AB6C1AA629DC00A45D67 /* Sources */ = {
			isa = PBXSourcesBuildPhase;
			buildActionMask = 2147483647;
			files = (
				2AA3ABB81AA6332200A45D67 /* AFURLConnectionOperation.m in Sources */,
				2AA3ABBA1AA6332200A45D67 /* AFURLResponseSerialization.m in Sources */,
				2AA3ABBF1AA6332200A45D67 /* UIAlertView+AFNetworking.m in Sources */,
				2AAB792E1AEE8CFE00DA71A8 /* NSString+TechD.m in Sources */,
				2A9B92421AC2BBD00044CC8A /* TDPreUpdateProcedure.m in Sources */,
				2AA3ABB31AA6332200A45D67 /* AFHTTPRequestOperation.m in Sources */,
				2AA3AB761AA629DC00A45D67 /* TDDownloadManager.m in Sources */,
				2AA3ABB61AA6332200A45D67 /* AFNetworkReachabilityManager.m in Sources */,
				2AA3ABBB1AA6332200A45D67 /* AFURLSessionManager.m in Sources */,
				2AA3ABB41AA6332200A45D67 /* AFHTTPRequestOperationManager.m in Sources */,
				2A8A59EA1AD81EE0000CEA93 /* TDJSONReader.m in Sources */,
				2AA3ABC21AA6332200A45D67 /* UIProgressView+AFNetworking.m in Sources */,
				2A8FDD2B1AB737A4006BD130 /* TDTexturePackerXMLReader.m in Sources */,
				2AAB792A1AEE8CFE00DA71A8 /* NSJSONSerialization+TechD.m in Sources */,
				2AA3ABB71AA6332200A45D67 /* AFSecurityPolicy.m in Sources */,
				2AAB79281AEE8CFE00DA71A8 /* NSDate+TechD.m in Sources */,
				2AAB79261AEE8CFE00DA71A8 /* NSBundle+TechD.m in Sources */,
				2AA3ABBD1AA6332200A45D67 /* AFNetworkActivityIndicatorManager.m in Sources */,
				2AA3ABB51AA6332200A45D67 /* AFHTTPSessionManager.m in Sources */,
				2AA3ABC11AA6332200A45D67 /* UIImageView+AFNetworking.m in Sources */,
				2AA3ABC01AA6332200A45D67 /* UIButton+AFNetworking.m in Sources */,
				2AA3ABC31AA6332200A45D67 /* UIRefreshControl+AFNetworking.m in Sources */,
				2A8A59F01AD820F6000CEA93 /* TDPreUpdateJSONInfo.m in Sources */,
				2A8FDD2D1AB737A4006BD130 /* TDUtilities.m in Sources */,
				2AA3ABC41AA6332200A45D67 /* UIWebView+AFNetworking.m in Sources */,
				2AA3ABB91AA6332200A45D67 /* AFURLRequestSerialization.m in Sources */,
				2AAB792C1AEE8CFE00DA71A8 /* NSPropertyListSerialization+TechD.m in Sources */,
				2AA3ABBE1AA6332200A45D67 /* UIActivityIndicatorView+AFNetworking.m in Sources */,
				2AC3D3C11AAEFC83007CB19F /* TDNetworkReachabilityManager.m in Sources */,
			);
			runOnlyForDeploymentPostprocessing = 0;
		};
		2AA3AB771AA629DC00A45D67 /* Sources */ = {
			isa = PBXSourcesBuildPhase;
			buildActionMask = 2147483647;
			files = (
				2A8FDD2E1AB737A4006BD130 /* TDUtilities.m in Sources */,
				2A8FDD2C1AB737A4006BD130 /* TDTexturePackerXMLReader.m in Sources */,
			);
			runOnlyForDeploymentPostprocessing = 0;
		};
		2AAB78C91AEE877D00DA71A8 /* Sources */ = {
			isa = PBXSourcesBuildPhase;
			buildActionMask = 2147483647;
			files = (
				2AAB790A1AEE8A5E00DA71A8 /* TDNetworkReachabilityManager.m in Sources */,
				2AAB790B1AEE8A5E00DA71A8 /* TDDownloadManager.m in Sources */,
				2AAB790C1AEE8A5E00DA71A8 /* TDPreUpdateProcedure.m in Sources */,
				2AAB790D1AEE8A5E00DA71A8 /* TDPreUpdateJSONInfo.m in Sources */,
				2AAB79071AEE8A4F00DA71A8 /* TDUtilities.m in Sources */,
				2AAB79081AEE8A4F00DA71A8 /* TDTexturePackerXMLReader.m in Sources */,
				2AAB79091AEE8A4F00DA71A8 /* TDJSONReader.m in Sources */,
				2AAB78F61AEE8A3200DA71A8 /* AFNetworkActivityIndicatorManager.m in Sources */,
				2AAB79291AEE8CFE00DA71A8 /* NSDate+TechD.m in Sources */,
				2AAB78F71AEE8A3200DA71A8 /* UIActivityIndicatorView+AFNetworking.m in Sources */,
				2AAB78F81AEE8A3200DA71A8 /* UIAlertView+AFNetworking.m in Sources */,
				2AAB78F91AEE8A3200DA71A8 /* UIButton+AFNetworking.m in Sources */,
				2AAB792B1AEE8CFE00DA71A8 /* NSJSONSerialization+TechD.m in Sources */,
				2AAB78FA1AEE8A3200DA71A8 /* UIImageView+AFNetworking.m in Sources */,
				2AAB78FB1AEE8A3200DA71A8 /* UIProgressView+AFNetworking.m in Sources */,
				2AAB78FC1AEE8A3200DA71A8 /* UIRefreshControl+AFNetworking.m in Sources */,
				2AAB78FD1AEE8A3200DA71A8 /* UIWebView+AFNetworking.m in Sources */,
				2AAB78FE1AEE8A3200DA71A8 /* AFHTTPRequestOperation.m in Sources */,
				2AAB78FF1AEE8A3200DA71A8 /* AFHTTPRequestOperationManager.m in Sources */,
				2AAB79001AEE8A3200DA71A8 /* AFHTTPSessionManager.m in Sources */,
				2AAB79011AEE8A3200DA71A8 /* AFNetworkReachabilityManager.m in Sources */,
				2AAB79021AEE8A3200DA71A8 /* AFSecurityPolicy.m in Sources */,
				2AAB792F1AEE8CFE00DA71A8 /* NSString+TechD.m in Sources */,
				2AAB79031AEE8A3200DA71A8 /* AFURLConnectionOperation.m in Sources */,
				2AAB79271AEE8CFE00DA71A8 /* NSBundle+TechD.m in Sources */,
				2AAB79041AEE8A3200DA71A8 /* AFURLRequestSerialization.m in Sources */,
				2AAB79051AEE8A3200DA71A8 /* AFURLResponseSerialization.m in Sources */,
				2AAB792D1AEE8CFE00DA71A8 /* NSPropertyListSerialization+TechD.m in Sources */,
				2AAB79061AEE8A3200DA71A8 /* AFURLSessionManager.m in Sources */,
				2AAB78D51AEE877D00DA71A8 /* AppDelegate.m in Sources */,
				2AAB78D21AEE877D00DA71A8 /* main.m in Sources */,
				2AAB78F51AEE895200DA71A8 /* TableViewController.m in Sources */,
			);
			runOnlyForDeploymentPostprocessing = 0;
		};
		2AAB78E11AEE877E00DA71A8 /* Sources */ = {
			isa = PBXSourcesBuildPhase;
			buildActionMask = 2147483647;
			files = (
				2AAB78EC1AEE877E00DA71A8 /* DemoDownloadManagerTests.m in Sources */,
			);
			runOnlyForDeploymentPostprocessing = 0;
		};
/* End PBXSourcesBuildPhase section */

/* Begin PBXTargetDependency section */
		2AA3AB7E1AA629DC00A45D67 /* PBXTargetDependency */ = {
			isa = PBXTargetDependency;
			target = 2AA3AB6F1AA629DC00A45D67 /* TDDownloadManager */;
			targetProxy = 2AA3AB7D1AA629DC00A45D67 /* PBXContainerItemProxy */;
		};
		2AAB78E71AEE877E00DA71A8 /* PBXTargetDependency */ = {
			isa = PBXTargetDependency;
			target = 2AAB78CC1AEE877D00DA71A8 /* DemoDownloadManager */;
			targetProxy = 2AAB78E61AEE877E00DA71A8 /* PBXContainerItemProxy */;
		};
/* End PBXTargetDependency section */

/* Begin XCBuildConfiguration section */
		2AA3AB821AA629DC00A45D67 /* Debug */ = {
			isa = XCBuildConfiguration;
			buildSettings = {
				ALWAYS_SEARCH_USER_PATHS = NO;
				CLANG_CXX_LANGUAGE_STANDARD = "gnu++0x";
				CLANG_CXX_LIBRARY = "libc++";
				CLANG_ENABLE_MODULES = YES;
				CLANG_ENABLE_OBJC_ARC = YES;
				CLANG_WARN_BOOL_CONVERSION = YES;
				CLANG_WARN_CONSTANT_CONVERSION = YES;
				CLANG_WARN_DIRECT_OBJC_ISA_USAGE = YES_ERROR;
				CLANG_WARN_EMPTY_BODY = YES;
				CLANG_WARN_ENUM_CONVERSION = YES;
				CLANG_WARN_INT_CONVERSION = YES;
				CLANG_WARN_OBJC_ROOT_CLASS = YES_ERROR;
				CLANG_WARN_UNREACHABLE_CODE = YES;
				CLANG_WARN__DUPLICATE_METHOD_MATCH = YES;
				CODE_SIGN_IDENTITY = "iPhone Developer: robinhsu599+dev@gmail.com (8CMH85KJ54)";
				COPY_PHASE_STRIP = NO;
				ENABLE_STRICT_OBJC_MSGSEND = YES;
				GCC_C_LANGUAGE_STANDARD = gnu99;
				GCC_DYNAMIC_NO_PIC = NO;
				GCC_OPTIMIZATION_LEVEL = 0;
				GCC_PREPROCESSOR_DEFINITIONS = (
					"DEBUG=1",
					"$(inherited)",
				);
				GCC_SYMBOLS_PRIVATE_EXTERN = NO;
				GCC_WARN_64_TO_32_BIT_CONVERSION = YES;
				GCC_WARN_ABOUT_RETURN_TYPE = YES_ERROR;
				GCC_WARN_UNDECLARED_SELECTOR = YES;
				GCC_WARN_UNINITIALIZED_AUTOS = YES_AGGRESSIVE;
				GCC_WARN_UNUSED_FUNCTION = YES;
				GCC_WARN_UNUSED_VARIABLE = YES;
				IPHONEOS_DEPLOYMENT_TARGET = 8.0;
				MTL_ENABLE_DEBUG_INFO = YES;
				ONLY_ACTIVE_ARCH = YES;
				SDKROOT = iphoneos;
			};
			name = Debug;
		};
		2AA3AB831AA629DC00A45D67 /* Release */ = {
			isa = XCBuildConfiguration;
			buildSettings = {
				ALWAYS_SEARCH_USER_PATHS = NO;
				CLANG_CXX_LANGUAGE_STANDARD = "gnu++0x";
				CLANG_CXX_LIBRARY = "libc++";
				CLANG_ENABLE_MODULES = YES;
				CLANG_ENABLE_OBJC_ARC = YES;
				CLANG_WARN_BOOL_CONVERSION = YES;
				CLANG_WARN_CONSTANT_CONVERSION = YES;
				CLANG_WARN_DIRECT_OBJC_ISA_USAGE = YES_ERROR;
				CLANG_WARN_EMPTY_BODY = YES;
				CLANG_WARN_ENUM_CONVERSION = YES;
				CLANG_WARN_INT_CONVERSION = YES;
				CLANG_WARN_OBJC_ROOT_CLASS = YES_ERROR;
				CLANG_WARN_UNREACHABLE_CODE = YES;
				CLANG_WARN__DUPLICATE_METHOD_MATCH = YES;
				CODE_SIGN_IDENTITY = "iPhone Developer: robinhsu599+dev@gmail.com (8CMH85KJ54)";
				COPY_PHASE_STRIP = YES;
				ENABLE_NS_ASSERTIONS = NO;
				ENABLE_STRICT_OBJC_MSGSEND = YES;
				GCC_C_LANGUAGE_STANDARD = gnu99;
				GCC_WARN_64_TO_32_BIT_CONVERSION = YES;
				GCC_WARN_ABOUT_RETURN_TYPE = YES_ERROR;
				GCC_WARN_UNDECLARED_SELECTOR = YES;
				GCC_WARN_UNINITIALIZED_AUTOS = YES_AGGRESSIVE;
				GCC_WARN_UNUSED_FUNCTION = YES;
				GCC_WARN_UNUSED_VARIABLE = YES;
				IPHONEOS_DEPLOYMENT_TARGET = 8.0;
				MTL_ENABLE_DEBUG_INFO = NO;
				SDKROOT = iphoneos;
				VALIDATE_PRODUCT = YES;
			};
			name = Release;
		};
		2AA3AB851AA629DC00A45D67 /* Debug */ = {
			isa = XCBuildConfiguration;
			buildSettings = {
				OTHER_LDFLAGS = "-ObjC";
				PRODUCT_NAME = "$(TARGET_NAME)";
				SKIP_INSTALL = YES;
			};
			name = Debug;
		};
		2AA3AB861AA629DC00A45D67 /* Release */ = {
			isa = XCBuildConfiguration;
			buildSettings = {
				OTHER_LDFLAGS = "-ObjC";
				PRODUCT_NAME = "$(TARGET_NAME)";
				SKIP_INSTALL = YES;
			};
			name = Release;
		};
		2AA3AB881AA629DC00A45D67 /* Debug */ = {
			isa = XCBuildConfiguration;
			buildSettings = {
				FRAMEWORK_SEARCH_PATHS = (
					"$(SDKROOT)/Developer/Library/Frameworks",
					"$(inherited)",
				);
				GCC_PREPROCESSOR_DEFINITIONS = (
					"DEBUG=1",
					"$(inherited)",
				);
				INFOPLIST_FILE = TDDownloadManagerTests/Info.plist;
				LD_RUNPATH_SEARCH_PATHS = "$(inherited) @executable_path/Frameworks @loader_path/Frameworks";
				PRODUCT_NAME = "$(TARGET_NAME)";
			};
			name = Debug;
		};
		2AA3AB891AA629DC00A45D67 /* Release */ = {
			isa = XCBuildConfiguration;
			buildSettings = {
				FRAMEWORK_SEARCH_PATHS = (
					"$(SDKROOT)/Developer/Library/Frameworks",
					"$(inherited)",
				);
				INFOPLIST_FILE = TDDownloadManagerTests/Info.plist;
				LD_RUNPATH_SEARCH_PATHS = "$(inherited) @executable_path/Frameworks @loader_path/Frameworks";
				PRODUCT_NAME = "$(TARGET_NAME)";
			};
			name = Release;
		};
		2AAB78EE1AEE877E00DA71A8 /* Debug */ = {
			isa = XCBuildConfiguration;
			buildSettings = {
				ASSETCATALOG_COMPILER_APPICON_NAME = AppIcon;
				"CODE_SIGN_IDENTITY[sdk=iphoneos*]" = "iPhone Developer";
				DEBUG_INFORMATION_FORMAT = "dwarf-with-dsym";
				GCC_NO_COMMON_BLOCKS = YES;
				GCC_PREPROCESSOR_DEFINITIONS = (
					"DEBUG=1",
					"$(inherited)",
				);
				INFOPLIST_FILE = DemoDownloadManager/Info.plist;
				IPHONEOS_DEPLOYMENT_TARGET = 7.1;
				LD_RUNPATH_SEARCH_PATHS = "$(inherited) @executable_path/Frameworks";
				PRODUCT_NAME = "$(TARGET_NAME)";
			};
			name = Debug;
		};
		2AAB78EF1AEE877E00DA71A8 /* Release */ = {
			isa = XCBuildConfiguration;
			buildSettings = {
				ASSETCATALOG_COMPILER_APPICON_NAME = AppIcon;
				"CODE_SIGN_IDENTITY[sdk=iphoneos*]" = "iPhone Developer";
				COPY_PHASE_STRIP = NO;
				DEBUG_INFORMATION_FORMAT = "dwarf-with-dsym";
				GCC_NO_COMMON_BLOCKS = YES;
				INFOPLIST_FILE = DemoDownloadManager/Info.plist;
				IPHONEOS_DEPLOYMENT_TARGET = 7.1;
				LD_RUNPATH_SEARCH_PATHS = "$(inherited) @executable_path/Frameworks";
				PRODUCT_NAME = "$(TARGET_NAME)";
			};
			name = Release;
		};
		2AAB78F11AEE877E00DA71A8 /* Debug */ = {
			isa = XCBuildConfiguration;
			buildSettings = {
				BUNDLE_LOADER = "$(TEST_HOST)";
				DEBUG_INFORMATION_FORMAT = "dwarf-with-dsym";
				FRAMEWORK_SEARCH_PATHS = (
					"$(SDKROOT)/Developer/Library/Frameworks",
					"$(inherited)",
				);
				GCC_NO_COMMON_BLOCKS = YES;
				GCC_PREPROCESSOR_DEFINITIONS = (
					"DEBUG=1",
					"$(inherited)",
				);
				INFOPLIST_FILE = DemoDownloadManagerTests/Info.plist;
				IPHONEOS_DEPLOYMENT_TARGET = 8.3;
				LD_RUNPATH_SEARCH_PATHS = "$(inherited) @executable_path/Frameworks @loader_path/Frameworks";
				PRODUCT_NAME = "$(TARGET_NAME)";
				TEST_HOST = "$(BUILT_PRODUCTS_DIR)/DemoDownloadManager.app/DemoDownloadManager";
			};
			name = Debug;
		};
		2AAB78F21AEE877E00DA71A8 /* Release */ = {
			isa = XCBuildConfiguration;
			buildSettings = {
				BUNDLE_LOADER = "$(TEST_HOST)";
				COPY_PHASE_STRIP = NO;
				DEBUG_INFORMATION_FORMAT = "dwarf-with-dsym";
				FRAMEWORK_SEARCH_PATHS = (
					"$(SDKROOT)/Developer/Library/Frameworks",
					"$(inherited)",
				);
				GCC_NO_COMMON_BLOCKS = YES;
				INFOPLIST_FILE = DemoDownloadManagerTests/Info.plist;
				IPHONEOS_DEPLOYMENT_TARGET = 8.3;
				LD_RUNPATH_SEARCH_PATHS = "$(inherited) @executable_path/Frameworks @loader_path/Frameworks";
				PRODUCT_NAME = "$(TARGET_NAME)";
				TEST_HOST = "$(BUILT_PRODUCTS_DIR)/DemoDownloadManager.app/DemoDownloadManager";
			};
			name = Release;
		};
/* End XCBuildConfiguration section */

/* Begin XCConfigurationList section */
		2AA3AB6B1AA629DC00A45D67 /* Build configuration list for PBXProject "TDDownloadManager" */ = {
			isa = XCConfigurationList;
			buildConfigurations = (
				2AA3AB821AA629DC00A45D67 /* Debug */,
				2AA3AB831AA629DC00A45D67 /* Release */,
			);
			defaultConfigurationIsVisible = 0;
			defaultConfigurationName = Release;
		};
		2AA3AB841AA629DC00A45D67 /* Build configuration list for PBXNativeTarget "TDDownloadManager" */ = {
			isa = XCConfigurationList;
			buildConfigurations = (
				2AA3AB851AA629DC00A45D67 /* Debug */,
				2AA3AB861AA629DC00A45D67 /* Release */,
			);
			defaultConfigurationIsVisible = 0;
			defaultConfigurationName = Release;
		};
		2AA3AB871AA629DC00A45D67 /* Build configuration list for PBXNativeTarget "TDDownloadManagerTests" */ = {
			isa = XCConfigurationList;
			buildConfigurations = (
				2AA3AB881AA629DC00A45D67 /* Debug */,
				2AA3AB891AA629DC00A45D67 /* Release */,
			);
			defaultConfigurationIsVisible = 0;
			defaultConfigurationName = Release;
		};
		2AAB78ED1AEE877E00DA71A8 /* Build configuration list for PBXNativeTarget "DemoDownloadManager" */ = {
			isa = XCConfigurationList;
			buildConfigurations = (
				2AAB78EE1AEE877E00DA71A8 /* Debug */,
				2AAB78EF1AEE877E00DA71A8 /* Release */,
			);
			defaultConfigurationIsVisible = 0;
			defaultConfigurationName = Release;
		};
		2AAB78F01AEE877E00DA71A8 /* Build configuration list for PBXNativeTarget "DemoDownloadManagerTests" */ = {
			isa = XCConfigurationList;
			buildConfigurations = (
				2AAB78F11AEE877E00DA71A8 /* Debug */,
				2AAB78F21AEE877E00DA71A8 /* Release */,
			);
			defaultConfigurationIsVisible = 0;
			defaultConfigurationName = Release;
		};
/* End XCConfigurationList section */
	};
	rootObject = 2AA3AB681AA629DC00A45D67 /* Project object */;
}
